// !$*UTF8*$!
{
	archiveVersion = 1;
	classes = {
	};
	objectVersion = 46;
	objects = {

/* Begin PBXBuildFile section */
		2259DEF827F0FA894C07E5C4 /* libPods-XFLegoVIPERExample.a in Frameworks */ = {isa = PBXBuildFile; fileRef = B13BC07707D57A250F39FD5F /* libPods-XFLegoVIPERExample.a */; };
		4024C3EE1CC48BB5000D8182 /* main.m in Sources */ = {isa = PBXBuildFile; fileRef = 4024C3ED1CC48BB5000D8182 /* main.m */; };
		4024C3F11CC48BB5000D8182 /* AppDelegate.m in Sources */ = {isa = PBXBuildFile; fileRef = 4024C3F01CC48BB5000D8182 /* AppDelegate.m */; };
		4024C3F91CC48BB5000D8182 /* Assets.xcassets in Resources */ = {isa = PBXBuildFile; fileRef = 4024C3F81CC48BB5000D8182 /* Assets.xcassets */; };
		4024C3FC1CC48BB5000D8182 /* LaunchScreen.storyboard in Resources */ = {isa = PBXBuildFile; fileRef = 4024C3FA1CC48BB5000D8182 /* LaunchScreen.storyboard */; };
		4024C4071CC48BB5000D8182 /* XFLegoVIPERExampleTests.m in Sources */ = {isa = PBXBuildFile; fileRef = 4024C4061CC48BB5000D8182 /* XFLegoVIPERExampleTests.m */; };
		4024C4121CC48BB5000D8182 /* XFLegoVIPERExampleUITests.m in Sources */ = {isa = PBXBuildFile; fileRef = 4024C4111CC48BB5000D8182 /* XFLegoVIPERExampleUITests.m */; };
		4024C4371CC48CF1000D8182 /* UIViewController+XFLego.m in Sources */ = {isa = PBXBuildFile; fileRef = 4024C4281CC48CF1000D8182 /* UIViewController+XFLego.m */; };
		4024C4381CC48CF1000D8182 /* XFActivity.m in Sources */ = {isa = PBXBuildFile; fileRef = 4024C42A1CC48CF1000D8182 /* XFActivity.m */; };
		4024C43A1CC48CF1000D8182 /* XFInteractor.m in Sources */ = {isa = PBXBuildFile; fileRef = 4024C42E1CC48CF1000D8182 /* XFInteractor.m */; };
		4024C43B1CC48CF1000D8182 /* XFPresenter.m in Sources */ = {isa = PBXBuildFile; fileRef = 4024C4321CC48CF1000D8182 /* XFPresenter.m */; };
		4024C43C1CC48CF1000D8182 /* XFRouting.m in Sources */ = {isa = PBXBuildFile; fileRef = 4024C4341CC48CF1000D8182 /* XFRouting.m */; };
		4024C43D1CC48CF1000D8182 /* XFViewRender.m in Sources */ = {isa = PBXBuildFile; fileRef = 4024C4361CC48CF1000D8182 /* XFViewRender.m */; };
		4024C45A1CC4917C000D8182 /* XFMainActivity.m in Sources */ = {isa = PBXBuildFile; fileRef = 4024C4581CC4917C000D8182 /* XFMainActivity.m */; };
		4024C45B1CC4917C000D8182 /* XFMainActivity.xib in Resources */ = {isa = PBXBuildFile; fileRef = 4024C4591CC4917C000D8182 /* XFMainActivity.xib */; };
		4024C45E1CC49242000D8182 /* XFMainPersenter.m in Sources */ = {isa = PBXBuildFile; fileRef = 4024C45D1CC49242000D8182 /* XFMainPersenter.m */; };
		4024C4611CC49287000D8182 /* XFMainRouting.m in Sources */ = {isa = PBXBuildFile; fileRef = 4024C4601CC49287000D8182 /* XFMainRouting.m */; };
		4024C4671CC499A3000D8182 /* XFLoginRouting.m in Sources */ = {isa = PBXBuildFile; fileRef = 4024C4661CC499A3000D8182 /* XFLoginRouting.m */; };
		4024C46E1CC49AEE000D8182 /* XFLoginActivity.m in Sources */ = {isa = PBXBuildFile; fileRef = 4024C46C1CC49AEE000D8182 /* XFLoginActivity.m */; };
		4024C46F1CC49AEE000D8182 /* XFLoginActivity.xib in Resources */ = {isa = PBXBuildFile; fileRef = 4024C46D1CC49AEE000D8182 /* XFLoginActivity.xib */; };
		4024C4721CC4CC1E000D8182 /* XFLoginPersenter.m in Sources */ = {isa = PBXBuildFile; fileRef = 4024C4711CC4CC1E000D8182 /* XFLoginPersenter.m */; };
		4024C47A1CC4D439000D8182 /* XFLoginInfoModel.m in Sources */ = {isa = PBXBuildFile; fileRef = 4024C4791CC4D439000D8182 /* XFLoginInfoModel.m */; };
		4024C47D1CC4E4F9000D8182 /* XFUserService.m in Sources */ = {isa = PBXBuildFile; fileRef = 4024C47C1CC4E4F9000D8182 /* XFUserService.m */; };
		4024C4831CC4E571000D8182 /* XFLoginInteractor.m in Sources */ = {isa = PBXBuildFile; fileRef = 4024C4821CC4E571000D8182 /* XFLoginInteractor.m */; };
		4024C4871CC4E607000D8182 /* XFRACHttpTool.m in Sources */ = {isa = PBXBuildFile; fileRef = 4024C4861CC4E607000D8182 /* XFRACHttpTool.m */; };
		4024C48B1CC4EB9F000D8182 /* XFUITool.m in Sources */ = {isa = PBXBuildFile; fileRef = 4024C48A1CC4EB9F000D8182 /* XFUITool.m */; };
/* End PBXBuildFile section */

/* Begin PBXContainerItemProxy section */
		4024C4031CC48BB5000D8182 /* PBXContainerItemProxy */ = {
			isa = PBXContainerItemProxy;
			containerPortal = 4024C3E11CC48BB5000D8182 /* Project object */;
			proxyType = 1;
			remoteGlobalIDString = 4024C3E81CC48BB5000D8182;
			remoteInfo = XFLegoVIPERExample;
		};
		4024C40E1CC48BB5000D8182 /* PBXContainerItemProxy */ = {
			isa = PBXContainerItemProxy;
			containerPortal = 4024C3E11CC48BB5000D8182 /* Project object */;
			proxyType = 1;
			remoteGlobalIDString = 4024C3E81CC48BB5000D8182;
			remoteInfo = XFLegoVIPERExample;
		};
/* End PBXContainerItemProxy section */

/* Begin PBXFileReference section */
		4024C3E91CC48BB5000D8182 /* XFLegoVIPERExample.app */ = {isa = PBXFileReference; explicitFileType = wrapper.application; includeInIndex = 0; path = XFLegoVIPERExample.app; sourceTree = BUILT_PRODUCTS_DIR; };
		4024C3ED1CC48BB5000D8182 /* main.m */ = {isa = PBXFileReference; lastKnownFileType = sourcecode.c.objc; path = main.m; sourceTree = "<group>"; };
		4024C3EF1CC48BB5000D8182 /* AppDelegate.h */ = {isa = PBXFileReference; lastKnownFileType = sourcecode.c.h; path = AppDelegate.h; sourceTree = "<group>"; };
		4024C3F01CC48BB5000D8182 /* AppDelegate.m */ = {isa = PBXFileReference; lastKnownFileType = sourcecode.c.objc; path = AppDelegate.m; sourceTree = "<group>"; };
		4024C3F81CC48BB5000D8182 /* Assets.xcassets */ = {isa = PBXFileReference; lastKnownFileType = folder.assetcatalog; path = Assets.xcassets; sourceTree = "<group>"; };
		4024C3FB1CC48BB5000D8182 /* Base */ = {isa = PBXFileReference; lastKnownFileType = file.storyboard; name = Base; path = Base.lproj/LaunchScreen.storyboard; sourceTree = "<group>"; };
		4024C3FD1CC48BB5000D8182 /* Info.plist */ = {isa = PBXFileReference; lastKnownFileType = text.plist.xml; path = Info.plist; sourceTree = "<group>"; };
		4024C4021CC48BB5000D8182 /* XFLegoVIPERExampleTests.xctest */ = {isa = PBXFileReference; explicitFileType = wrapper.cfbundle; includeInIndex = 0; path = XFLegoVIPERExampleTests.xctest; sourceTree = BUILT_PRODUCTS_DIR; };
		4024C4061CC48BB5000D8182 /* XFLegoVIPERExampleTests.m */ = {isa = PBXFileReference; lastKnownFileType = sourcecode.c.objc; path = XFLegoVIPERExampleTests.m; sourceTree = "<group>"; };
		4024C4081CC48BB5000D8182 /* Info.plist */ = {isa = PBXFileReference; lastKnownFileType = text.plist.xml; path = Info.plist; sourceTree = "<group>"; };
		4024C40D1CC48BB5000D8182 /* XFLegoVIPERExampleUITests.xctest */ = {isa = PBXFileReference; explicitFileType = wrapper.cfbundle; includeInIndex = 0; path = XFLegoVIPERExampleUITests.xctest; sourceTree = BUILT_PRODUCTS_DIR; };
		4024C4111CC48BB5000D8182 /* XFLegoVIPERExampleUITests.m */ = {isa = PBXFileReference; lastKnownFileType = sourcecode.c.objc; path = XFLegoVIPERExampleUITests.m; sourceTree = "<group>"; };
		4024C4131CC48BB5000D8182 /* Info.plist */ = {isa = PBXFileReference; lastKnownFileType = text.plist.xml; path = Info.plist; sourceTree = "<group>"; };
		4024C4221CC48CF1000D8182 /* XFEventHandlerProt.h */ = {isa = PBXFileReference; fileEncoding = 4; lastKnownFileType = sourcecode.c.h; path = XFEventHandlerProt.h; sourceTree = "<group>"; };
		4024C4231CC48CF1000D8182 /* XFInteractorProt.h */ = {isa = PBXFileReference; fileEncoding = 4; lastKnownFileType = sourcecode.c.h; path = XFInteractorProt.h; sourceTree = "<group>"; };
		4024C4241CC48CF1000D8182 /* XFUIOperatorProt.h */ = {isa = PBXFileReference; fileEncoding = 4; lastKnownFileType = sourcecode.c.h; path = XFUIOperatorProt.h; sourceTree = "<group>"; };
		4024C4251CC48CF1000D8182 /* XFUserInterfaceProt.h */ = {isa = PBXFileReference; fileEncoding = 4; lastKnownFileType = sourcecode.c.h; path = XFUserInterfaceProt.h; sourceTree = "<group>"; };
		4024C4261CC48CF1000D8182 /* XFWireFrameProt.h */ = {isa = PBXFileReference; fileEncoding = 4; lastKnownFileType = sourcecode.c.h; path = XFWireFrameProt.h; sourceTree = "<group>"; };
		4024C4271CC48CF1000D8182 /* UIViewController+XFLego.h */ = {isa = PBXFileReference; fileEncoding = 4; lastKnownFileType = sourcecode.c.h; path = "UIViewController+XFLego.h"; sourceTree = "<group>"; };
		4024C4281CC48CF1000D8182 /* UIViewController+XFLego.m */ = {isa = PBXFileReference; fileEncoding = 4; lastKnownFileType = sourcecode.c.objc; path = "UIViewController+XFLego.m"; sourceTree = "<group>"; };
		4024C4291CC48CF1000D8182 /* XFActivity.h */ = {isa = PBXFileReference; fileEncoding = 4; lastKnownFileType = sourcecode.c.h; path = XFActivity.h; sourceTree = "<group>"; };
		4024C42A1CC48CF1000D8182 /* XFActivity.m */ = {isa = PBXFileReference; fileEncoding = 4; lastKnownFileType = sourcecode.c.objc; path = XFActivity.m; sourceTree = "<group>"; };
		4024C42D1CC48CF1000D8182 /* XFInteractor.h */ = {isa = PBXFileReference; fileEncoding = 4; lastKnownFileType = sourcecode.c.h; path = XFInteractor.h; sourceTree = "<group>"; };
		4024C42E1CC48CF1000D8182 /* XFInteractor.m */ = {isa = PBXFileReference; fileEncoding = 4; lastKnownFileType = sourcecode.c.objc; path = XFInteractor.m; sourceTree = "<group>"; };
		4024C42F1CC48CF1000D8182 /* XFLegoMarco.h */ = {isa = PBXFileReference; fileEncoding = 4; lastKnownFileType = sourcecode.c.h; path = XFLegoMarco.h; sourceTree = "<group>"; };
		4024C4301CC48CF1000D8182 /* XFLegoVIPER.h */ = {isa = PBXFileReference; fileEncoding = 4; lastKnownFileType = sourcecode.c.h; path = XFLegoVIPER.h; sourceTree = "<group>"; };
		4024C4311CC48CF1000D8182 /* XFPresenter.h */ = {isa = PBXFileReference; fileEncoding = 4; lastKnownFileType = sourcecode.c.h; path = XFPresenter.h; sourceTree = "<group>"; };
		4024C4321CC48CF1000D8182 /* XFPresenter.m */ = {isa = PBXFileReference; fileEncoding = 4; lastKnownFileType = sourcecode.c.objc; path = XFPresenter.m; sourceTree = "<group>"; };
		4024C4331CC48CF1000D8182 /* XFRouting.h */ = {isa = PBXFileReference; fileEncoding = 4; lastKnownFileType = sourcecode.c.h; path = XFRouting.h; sourceTree = "<group>"; };
		4024C4341CC48CF1000D8182 /* XFRouting.m */ = {isa = PBXFileReference; fileEncoding = 4; lastKnownFileType = sourcecode.c.objc; path = XFRouting.m; sourceTree = "<group>"; };
		4024C4351CC48CF1000D8182 /* XFViewRender.h */ = {isa = PBXFileReference; fileEncoding = 4; lastKnownFileType = sourcecode.c.h; path = XFViewRender.h; sourceTree = "<group>"; };
		4024C4361CC48CF1000D8182 /* XFViewRender.m */ = {isa = PBXFileReference; fileEncoding = 4; lastKnownFileType = sourcecode.c.objc; path = XFViewRender.m; sourceTree = "<group>"; };
		4024C4571CC4917C000D8182 /* XFMainActivity.h */ = {isa = PBXFileReference; fileEncoding = 4; lastKnownFileType = sourcecode.c.h; path = XFMainActivity.h; sourceTree = "<group>"; };
		4024C4581CC4917C000D8182 /* XFMainActivity.m */ = {isa = PBXFileReference; fileEncoding = 4; lastKnownFileType = sourcecode.c.objc; path = XFMainActivity.m; sourceTree = "<group>"; };
		4024C4591CC4917C000D8182 /* XFMainActivity.xib */ = {isa = PBXFileReference; fileEncoding = 4; lastKnownFileType = file.xib; path = XFMainActivity.xib; sourceTree = "<group>"; };
		4024C45C1CC49242000D8182 /* XFMainPersenter.h */ = {isa = PBXFileReference; fileEncoding = 4; lastKnownFileType = sourcecode.c.h; path = XFMainPersenter.h; sourceTree = "<group>"; };
		4024C45D1CC49242000D8182 /* XFMainPersenter.m */ = {isa = PBXFileReference; fileEncoding = 4; lastKnownFileType = sourcecode.c.objc; path = XFMainPersenter.m; sourceTree = "<group>"; };
		4024C45F1CC49287000D8182 /* XFMainRouting.h */ = {isa = PBXFileReference; fileEncoding = 4; lastKnownFileType = sourcecode.c.h; path = XFMainRouting.h; sourceTree = "<group>"; };
		4024C4601CC49287000D8182 /* XFMainRouting.m */ = {isa = PBXFileReference; fileEncoding = 4; lastKnownFileType = sourcecode.c.objc; path = XFMainRouting.m; sourceTree = "<group>"; };
		4024C4631CC497A4000D8182 /* XFMainEventInputProt.h */ = {isa = PBXFileReference; fileEncoding = 4; lastKnownFileType = sourcecode.c.h; path = XFMainEventInputProt.h; sourceTree = "<group>"; };
		4024C4641CC498BA000D8182 /* XFMainWireFrameInputProt.h */ = {isa = PBXFileReference; lastKnownFileType = sourcecode.c.h; path = XFMainWireFrameInputProt.h; sourceTree = "<group>"; };
		4024C4651CC499A3000D8182 /* XFLoginRouting.h */ = {isa = PBXFileReference; fileEncoding = 4; lastKnownFileType = sourcecode.c.h; path = XFLoginRouting.h; sourceTree = "<group>"; };
		4024C4661CC499A3000D8182 /* XFLoginRouting.m */ = {isa = PBXFileReference; fileEncoding = 4; lastKnownFileType = sourcecode.c.objc; path = XFLoginRouting.m; sourceTree = "<group>"; };
		4024C46B1CC49AEE000D8182 /* XFLoginActivity.h */ = {isa = PBXFileReference; fileEncoding = 4; lastKnownFileType = sourcecode.c.h; path = XFLoginActivity.h; sourceTree = "<group>"; };
		4024C46C1CC49AEE000D8182 /* XFLoginActivity.m */ = {isa = PBXFileReference; fileEncoding = 4; lastKnownFileType = sourcecode.c.objc; path = XFLoginActivity.m; sourceTree = "<group>"; };
		4024C46D1CC49AEE000D8182 /* XFLoginActivity.xib */ = {isa = PBXFileReference; fileEncoding = 4; lastKnownFileType = file.xib; path = XFLoginActivity.xib; sourceTree = "<group>"; };
		4024C4701CC4CC1E000D8182 /* XFLoginPersenter.h */ = {isa = PBXFileReference; fileEncoding = 4; lastKnownFileType = sourcecode.c.h; path = XFLoginPersenter.h; sourceTree = "<group>"; };
		4024C4711CC4CC1E000D8182 /* XFLoginPersenter.m */ = {isa = PBXFileReference; fileEncoding = 4; lastKnownFileType = sourcecode.c.objc; path = XFLoginPersenter.m; sourceTree = "<group>"; };
		4024C4731CC4CC56000D8182 /* XFLoginEventInputProt.h */ = {isa = PBXFileReference; lastKnownFileType = sourcecode.c.h; path = XFLoginEventInputProt.h; sourceTree = "<group>"; };
		4024C4741CC4CD72000D8182 /* XFLoginWireFrameInputProt.h */ = {isa = PBXFileReference; lastKnownFileType = sourcecode.c.h; path = XFLoginWireFrameInputProt.h; sourceTree = "<group>"; };
		4024C4781CC4D439000D8182 /* XFLoginInfoModel.h */ = {isa = PBXFileReference; fileEncoding = 4; lastKnownFileType = sourcecode.c.h; path = XFLoginInfoModel.h; sourceTree = "<group>"; };
		4024C4791CC4D439000D8182 /* XFLoginInfoModel.m */ = {isa = PBXFileReference; fileEncoding = 4; lastKnownFileType = sourcecode.c.objc; path = XFLoginInfoModel.m; sourceTree = "<group>"; };
		4024C47B1CC4E4F9000D8182 /* XFUserService.h */ = {isa = PBXFileReference; fileEncoding = 4; lastKnownFileType = sourcecode.c.h; path = XFUserService.h; sourceTree = "<group>"; };
		4024C47C1CC4E4F9000D8182 /* XFUserService.m */ = {isa = PBXFileReference; fileEncoding = 4; lastKnownFileType = sourcecode.c.objc; path = XFUserService.m; sourceTree = "<group>"; };
		4024C4811CC4E571000D8182 /* XFLoginInteractor.h */ = {isa = PBXFileReference; fileEncoding = 4; lastKnownFileType = sourcecode.c.h; path = XFLoginInteractor.h; sourceTree = "<group>"; };
		4024C4821CC4E571000D8182 /* XFLoginInteractor.m */ = {isa = PBXFileReference; fileEncoding = 4; lastKnownFileType = sourcecode.c.objc; path = XFLoginInteractor.m; sourceTree = "<group>"; };
		4024C4851CC4E607000D8182 /* XFRACHttpTool.h */ = {isa = PBXFileReference; fileEncoding = 4; lastKnownFileType = sourcecode.c.h; path = XFRACHttpTool.h; sourceTree = "<group>"; };
		4024C4861CC4E607000D8182 /* XFRACHttpTool.m */ = {isa = PBXFileReference; fileEncoding = 4; lastKnownFileType = sourcecode.c.objc; path = XFRACHttpTool.m; sourceTree = "<group>"; };
		4024C4881CC4E7CA000D8182 /* XFLoginInteratorInputProt.h */ = {isa = PBXFileReference; fileEncoding = 4; lastKnownFileType = sourcecode.c.h; path = XFLoginInteratorInputProt.h; sourceTree = "<group>"; };
		4024C4891CC4EB9F000D8182 /* XFUITool.h */ = {isa = PBXFileReference; fileEncoding = 4; lastKnownFileType = sourcecode.c.h; path = XFUITool.h; sourceTree = "<group>"; };
		4024C48A1CC4EB9F000D8182 /* XFUITool.m */ = {isa = PBXFileReference; fileEncoding = 4; lastKnownFileType = sourcecode.c.objc; path = XFUITool.m; sourceTree = "<group>"; };
		4024C48C1CC4EBBA000D8182 /* Singleton.h */ = {isa = PBXFileReference; lastKnownFileType = sourcecode.c.h; path = Singleton.h; sourceTree = "<group>"; };
		4024C48D1CC4F841000D8182 /* XFLoginUserInterfaceProt.h */ = {isa = PBXFileReference; lastKnownFileType = sourcecode.c.h; path = XFLoginUserInterfaceProt.h; sourceTree = "<group>"; };
		50AF4982615927531179D72C /* Pods-XFLegoVIPERExample.debug.xcconfig */ = {isa = PBXFileReference; includeInIndex = 1; lastKnownFileType = text.xcconfig; name = "Pods-XFLegoVIPERExample.debug.xcconfig"; path = "Pods/Target Support Files/Pods-XFLegoVIPERExample/Pods-XFLegoVIPERExample.debug.xcconfig"; sourceTree = "<group>"; };
		8B9A688CB55380D7781B9F2C /* Pods-XFLegoVIPERExample.release.xcconfig */ = {isa = PBXFileReference; includeInIndex = 1; lastKnownFileType = text.xcconfig; name = "Pods-XFLegoVIPERExample.release.xcconfig"; path = "Pods/Target Support Files/Pods-XFLegoVIPERExample/Pods-XFLegoVIPERExample.release.xcconfig"; sourceTree = "<group>"; };
		B13BC07707D57A250F39FD5F /* libPods-XFLegoVIPERExample.a */ = {isa = PBXFileReference; explicitFileType = archive.ar; includeInIndex = 0; path = "libPods-XFLegoVIPERExample.a"; sourceTree = BUILT_PRODUCTS_DIR; };
/* End PBXFileReference section */

/* Begin PBXFrameworksBuildPhase section */
		4024C3E61CC48BB5000D8182 /* Frameworks */ = {
			isa = PBXFrameworksBuildPhase;
			buildActionMask = 2147483647;
			files = (
				2259DEF827F0FA894C07E5C4 /* libPods-XFLegoVIPERExample.a in Frameworks */,
			);
			runOnlyForDeploymentPostprocessing = 0;
		};
		4024C3FF1CC48BB5000D8182 /* Frameworks */ = {
			isa = PBXFrameworksBuildPhase;
			buildActionMask = 2147483647;
			files = (
			);
			runOnlyForDeploymentPostprocessing = 0;
		};
		4024C40A1CC48BB5000D8182 /* Frameworks */ = {
			isa = PBXFrameworksBuildPhase;
			buildActionMask = 2147483647;
			files = (
			);
			runOnlyForDeploymentPostprocessing = 0;
		};
/* End PBXFrameworksBuildPhase section */

/* Begin PBXGroup section */
		059E103B48271EE06DD80D88 /* Frameworks */ = {
			isa = PBXGroup;
			children = (
				B13BC07707D57A250F39FD5F /* libPods-XFLegoVIPERExample.a */,
			);
			name = Frameworks;
			sourceTree = "<group>";
		};
		4024C3E01CC48BB5000D8182 = {
			isa = PBXGroup;
			children = (
				4024C41F1CC48CF1000D8182 /* XFLegoVIPER */,
				4024C3EB1CC48BB5000D8182 /* XFLegoVIPERExample */,
				4024C4051CC48BB5000D8182 /* XFLegoVIPERExampleTests */,
				4024C4101CC48BB5000D8182 /* XFLegoVIPERExampleUITests */,
				4024C3EA1CC48BB5000D8182 /* Products */,
				F1CBA9BD888E4E035CE9E0FC /* Pods */,
				059E103B48271EE06DD80D88 /* Frameworks */,
			);
			sourceTree = "<group>";
		};
		4024C3EA1CC48BB5000D8182 /* Products */ = {
			isa = PBXGroup;
			children = (
				4024C3E91CC48BB5000D8182 /* XFLegoVIPERExample.app */,
				4024C4021CC48BB5000D8182 /* XFLegoVIPERExampleTests.xctest */,
				4024C40D1CC48BB5000D8182 /* XFLegoVIPERExampleUITests.xctest */,
			);
			name = Products;
			sourceTree = "<group>";
		};
		4024C3EB1CC48BB5000D8182 /* XFLegoVIPERExample */ = {
			isa = PBXGroup;
			children = (
				4024C4841CC4E5D5000D8182 /* Utils */,
				4024C43E1CC48EB1000D8182 /* Modules */,
				4024C3EF1CC48BB5000D8182 /* AppDelegate.h */,
				4024C3F01CC48BB5000D8182 /* AppDelegate.m */,
				4024C3F81CC48BB5000D8182 /* Assets.xcassets */,
				4024C3FA1CC48BB5000D8182 /* LaunchScreen.storyboard */,
				4024C3FD1CC48BB5000D8182 /* Info.plist */,
				4024C3EC1CC48BB5000D8182 /* Supporting Files */,
			);
			path = XFLegoVIPERExample;
			sourceTree = "<group>";
		};
		4024C3EC1CC48BB5000D8182 /* Supporting Files */ = {
			isa = PBXGroup;
			children = (
				4024C3ED1CC48BB5000D8182 /* main.m */,
			);
			name = "Supporting Files";
			sourceTree = "<group>";
		};
		4024C4051CC48BB5000D8182 /* XFLegoVIPERExampleTests */ = {
			isa = PBXGroup;
			children = (
				4024C4061CC48BB5000D8182 /* XFLegoVIPERExampleTests.m */,
				4024C4081CC48BB5000D8182 /* Info.plist */,
			);
			path = XFLegoVIPERExampleTests;
			sourceTree = "<group>";
		};
		4024C4101CC48BB5000D8182 /* XFLegoVIPERExampleUITests */ = {
			isa = PBXGroup;
			children = (
				4024C4111CC48BB5000D8182 /* XFLegoVIPERExampleUITests.m */,
				4024C4131CC48BB5000D8182 /* Info.plist */,
			);
			path = XFLegoVIPERExampleUITests;
			sourceTree = "<group>";
		};
		4024C41F1CC48CF1000D8182 /* XFLegoVIPER */ = {
			isa = PBXGroup;
			children = (
				4024C4201CC48CF1000D8182 /* Protocols */,
				4024C4271CC48CF1000D8182 /* UIViewController+XFLego.h */,
				4024C4281CC48CF1000D8182 /* UIViewController+XFLego.m */,
				4024C4291CC48CF1000D8182 /* XFActivity.h */,
				4024C42A1CC48CF1000D8182 /* XFActivity.m */,
				4024C42D1CC48CF1000D8182 /* XFInteractor.h */,
				4024C42E1CC48CF1000D8182 /* XFInteractor.m */,
				4024C42F1CC48CF1000D8182 /* XFLegoMarco.h */,
				4024C4301CC48CF1000D8182 /* XFLegoVIPER.h */,
				4024C4311CC48CF1000D8182 /* XFPresenter.h */,
				4024C4321CC48CF1000D8182 /* XFPresenter.m */,
				4024C4331CC48CF1000D8182 /* XFRouting.h */,
				4024C4341CC48CF1000D8182 /* XFRouting.m */,
				4024C4351CC48CF1000D8182 /* XFViewRender.h */,
				4024C4361CC48CF1000D8182 /* XFViewRender.m */,
			);
			name = XFLegoVIPER;
			path = ../XFLegoVIPER;
			sourceTree = "<group>";
		};
		4024C4201CC48CF1000D8182 /* Protocols */ = {
			isa = PBXGroup;
			children = (
				4024C4221CC48CF1000D8182 /* XFEventHandlerProt.h */,
				4024C4231CC48CF1000D8182 /* XFInteractorProt.h */,
				4024C4241CC48CF1000D8182 /* XFUIOperatorProt.h */,
				4024C4251CC48CF1000D8182 /* XFUserInterfaceProt.h */,
				4024C4261CC48CF1000D8182 /* XFWireFrameProt.h */,
			);
			path = Protocols;
			sourceTree = "<group>";
		};
		4024C43E1CC48EB1000D8182 /* Modules */ = {
			isa = PBXGroup;
			children = (
				4024C43F1CC48EB1000D8182 /* Login */,
				4024C44B1CC48EB1000D8182 /* Main */,
			);
			path = Modules;
			sourceTree = "<group>";
		};
		4024C43F1CC48EB1000D8182 /* Login */ = {
			isa = PBXGroup;
			children = (
				4024C4401CC48EB1000D8182 /* Application Logic */,
				4024C4451CC48EB1000D8182 /* Module Interface */,
				4024C4461CC48EB1000D8182 /* User Interface */,
			);
			path = Login;
			sourceTree = "<group>";
		};
		4024C4401CC48EB1000D8182 /* Application Logic */ = {
			isa = PBXGroup;
			children = (
				4024C4411CC48EB1000D8182 /* Interactor */,
				4024C4431CC48EB1000D8182 /* Provider */,
				4024C4441CC48EB1000D8182 /* Services */,
			);
			path = "Application Logic";
			sourceTree = "<group>";
		};
		4024C4411CC48EB1000D8182 /* Interactor */ = {
			isa = PBXGroup;
			children = (
				4024C4811CC4E571000D8182 /* XFLoginInteractor.h */,
				4024C4821CC4E571000D8182 /* XFLoginInteractor.m */,
			);
			path = Interactor;
			sourceTree = "<group>";
		};
		4024C4431CC48EB1000D8182 /* Provider */ = {
			isa = PBXGroup;
			children = (
				4024C4781CC4D439000D8182 /* XFLoginInfoModel.h */,
				4024C4791CC4D439000D8182 /* XFLoginInfoModel.m */,
			);
			path = Provider;
			sourceTree = "<group>";
		};
		4024C4441CC48EB1000D8182 /* Services */ = {
			isa = PBXGroup;
			children = (
				4024C47B1CC4E4F9000D8182 /* XFUserService.h */,
				4024C47C1CC4E4F9000D8182 /* XFUserService.m */,
			);
			path = Services;
			sourceTree = "<group>";
		};
		4024C4451CC48EB1000D8182 /* Module Interface */ = {
			isa = PBXGroup;
			children = (
				4024C4731CC4CC56000D8182 /* XFLoginEventInputProt.h */,
				4024C4741CC4CD72000D8182 /* XFLoginWireFrameInputProt.h */,
				4024C4881CC4E7CA000D8182 /* XFLoginInteratorInputProt.h */,
				4024C48D1CC4F841000D8182 /* XFLoginUserInterfaceProt.h */,
			);
			path = "Module Interface";
			sourceTree = "<group>";
		};
		4024C4461CC48EB1000D8182 /* User Interface */ = {
			isa = PBXGroup;
			children = (
				4024C4471CC48EB1000D8182 /* ExpressData */,
				4024C4481CC48EB1000D8182 /* Presenter */,
				4024C4491CC48EB1000D8182 /* view */,
				4024C44A1CC48EB1000D8182 /* WireFrame */,
			);
			path = "User Interface";
			sourceTree = "<group>";
		};
		4024C4471CC48EB1000D8182 /* ExpressData */ = {
			isa = PBXGroup;
			children = (
			);
			path = ExpressData;
			sourceTree = "<group>";
		};
		4024C4481CC48EB1000D8182 /* Presenter */ = {
			isa = PBXGroup;
			children = (
				4024C4701CC4CC1E000D8182 /* XFLoginPersenter.h */,
				4024C4711CC4CC1E000D8182 /* XFLoginPersenter.m */,
			);
			path = Presenter;
			sourceTree = "<group>";
		};
		4024C4491CC48EB1000D8182 /* view */ = {
			isa = PBXGroup;
			children = (
				4024C46B1CC49AEE000D8182 /* XFLoginActivity.h */,
				4024C46C1CC49AEE000D8182 /* XFLoginActivity.m */,
				4024C46D1CC49AEE000D8182 /* XFLoginActivity.xib */,
			);
			path = view;
			sourceTree = "<group>";
		};
		4024C44A1CC48EB1000D8182 /* WireFrame */ = {
			isa = PBXGroup;
			children = (
				4024C4651CC499A3000D8182 /* XFLoginRouting.h */,
				4024C4661CC499A3000D8182 /* XFLoginRouting.m */,
			);
			path = WireFrame;
			sourceTree = "<group>";
		};
		4024C44B1CC48EB1000D8182 /* Main */ = {
			isa = PBXGroup;
			children = (
				4024C44C1CC48EB1000D8182 /* Application Logic */,
				4024C4511CC48EB1000D8182 /* Module Interface */,
				4024C4521CC48EB1000D8182 /* User Interface */,
			);
			path = Main;
			sourceTree = "<group>";
		};
		4024C44C1CC48EB1000D8182 /* Application Logic */ = {
			isa = PBXGroup;
			children = (
				4024C44D1CC48EB1000D8182 /* Interactor */,
				4024C44F1CC48EB1000D8182 /* Provider */,
				4024C4501CC48EB1000D8182 /* Services */,
			);
			path = "Application Logic";
			sourceTree = "<group>";
		};
		4024C44D1CC48EB1000D8182 /* Interactor */ = {
			isa = PBXGroup;
			children = (
			);
			path = Interactor;
			sourceTree = "<group>";
		};
		4024C44F1CC48EB1000D8182 /* Provider */ = {
			isa = PBXGroup;
			children = (
			);
			path = Provider;
			sourceTree = "<group>";
		};
		4024C4501CC48EB1000D8182 /* Services */ = {
			isa = PBXGroup;
			children = (
			);
			path = Services;
			sourceTree = "<group>";
		};
		4024C4511CC48EB1000D8182 /* Module Interface */ = {
			isa = PBXGroup;
			children = (
				4024C4631CC497A4000D8182 /* XFMainEventInputProt.h */,
				4024C4641CC498BA000D8182 /* XFMainWireFrameInputProt.h */,
			);
			path = "Module Interface";
			sourceTree = "<group>";
		};
		4024C4521CC48EB1000D8182 /* User Interface */ = {
			isa = PBXGroup;
			children = (
				4024C4531CC48EB1000D8182 /* ExpressData */,
				4024C4541CC48EB1000D8182 /* Presenter */,
				4024C4551CC48EB1000D8182 /* view */,
				4024C4561CC48EB1000D8182 /* WireFrame */,
			);
			path = "User Interface";
			sourceTree = "<group>";
		};
		4024C4531CC48EB1000D8182 /* ExpressData */ = {
			isa = PBXGroup;
			children = (
			);
			path = ExpressData;
			sourceTree = "<group>";
		};
		4024C4541CC48EB1000D8182 /* Presenter */ = {
			isa = PBXGroup;
			children = (
				4024C45C1CC49242000D8182 /* XFMainPersenter.h */,
				4024C45D1CC49242000D8182 /* XFMainPersenter.m */,
			);
			path = Presenter;
			sourceTree = "<group>";
		};
		4024C4551CC48EB1000D8182 /* view */ = {
			isa = PBXGroup;
			children = (
				4024C4571CC4917C000D8182 /* XFMainActivity.h */,
				4024C4581CC4917C000D8182 /* XFMainActivity.m */,
				4024C4591CC4917C000D8182 /* XFMainActivity.xib */,
			);
			path = view;
			sourceTree = "<group>";
		};
		4024C4561CC48EB1000D8182 /* WireFrame */ = {
			isa = PBXGroup;
			children = (
				4024C45F1CC49287000D8182 /* XFMainRouting.h */,
				4024C4601CC49287000D8182 /* XFMainRouting.m */,
			);
			path = WireFrame;
			sourceTree = "<group>";
		};
		4024C4841CC4E5D5000D8182 /* Utils */ = {
			isa = PBXGroup;
			children = (
				4024C48C1CC4EBBA000D8182 /* Singleton.h */,
				4024C4891CC4EB9F000D8182 /* XFUITool.h */,
				4024C48A1CC4EB9F000D8182 /* XFUITool.m */,
				4024C4851CC4E607000D8182 /* XFRACHttpTool.h */,
				4024C4861CC4E607000D8182 /* XFRACHttpTool.m */,
			);
			path = Utils;
			sourceTree = "<group>";
		};
		F1CBA9BD888E4E035CE9E0FC /* Pods */ = {
			isa = PBXGroup;
			children = (
				50AF4982615927531179D72C /* Pods-XFLegoVIPERExample.debug.xcconfig */,
				8B9A688CB55380D7781B9F2C /* Pods-XFLegoVIPERExample.release.xcconfig */,
			);
			name = Pods;
			sourceTree = "<group>";
		};
/* End PBXGroup section */

/* Begin PBXNativeTarget section */
		4024C3E81CC48BB5000D8182 /* XFLegoVIPERExample */ = {
			isa = PBXNativeTarget;
			buildConfigurationList = 4024C4161CC48BB5000D8182 /* Build configuration list for PBXNativeTarget "XFLegoVIPERExample" */;
			buildPhases = (
				AFF86454C67D659B3F554A8D /* Check Pods Manifest.lock */,
				4024C3E51CC48BB5000D8182 /* Sources */,
				4024C3E61CC48BB5000D8182 /* Frameworks */,
				4024C3E71CC48BB5000D8182 /* Resources */,
				509A1988C7642F39C356D4ED /* Embed Pods Frameworks */,
				C1F75310FD59BA254B887F85 /* Copy Pods Resources */,
			);
			buildRules = (
			);
			dependencies = (
			);
			name = XFLegoVIPERExample;
			productName = XFLegoVIPERExample;
			productReference = 4024C3E91CC48BB5000D8182 /* XFLegoVIPERExample.app */;
			productType = "com.apple.product-type.application";
		};
		4024C4011CC48BB5000D8182 /* XFLegoVIPERExampleTests */ = {
			isa = PBXNativeTarget;
			buildConfigurationList = 4024C4191CC48BB5000D8182 /* Build configuration list for PBXNativeTarget "XFLegoVIPERExampleTests" */;
			buildPhases = (
				4024C3FE1CC48BB5000D8182 /* Sources */,
				4024C3FF1CC48BB5000D8182 /* Frameworks */,
				4024C4001CC48BB5000D8182 /* Resources */,
			);
			buildRules = (
			);
			dependencies = (
				4024C4041CC48BB5000D8182 /* PBXTargetDependency */,
			);
			name = XFLegoVIPERExampleTests;
			productName = XFLegoVIPERExampleTests;
			productReference = 4024C4021CC48BB5000D8182 /* XFLegoVIPERExampleTests.xctest */;
			productType = "com.apple.product-type.bundle.unit-test";
		};
		4024C40C1CC48BB5000D8182 /* XFLegoVIPERExampleUITests */ = {
			isa = PBXNativeTarget;
			buildConfigurationList = 4024C41C1CC48BB5000D8182 /* Build configuration list for PBXNativeTarget "XFLegoVIPERExampleUITests" */;
			buildPhases = (
				4024C4091CC48BB5000D8182 /* Sources */,
				4024C40A1CC48BB5000D8182 /* Frameworks */,
				4024C40B1CC48BB5000D8182 /* Resources */,
			);
			buildRules = (
			);
			dependencies = (
				4024C40F1CC48BB5000D8182 /* PBXTargetDependency */,
			);
			name = XFLegoVIPERExampleUITests;
			productName = XFLegoVIPERExampleUITests;
			productReference = 4024C40D1CC48BB5000D8182 /* XFLegoVIPERExampleUITests.xctest */;
			productType = "com.apple.product-type.bundle.ui-testing";
		};
/* End PBXNativeTarget section */

/* Begin PBXProject section */
		4024C3E11CC48BB5000D8182 /* Project object */ = {
			isa = PBXProject;
			attributes = {
				LastUpgradeCheck = 0730;
				ORGANIZATIONNAME = yizzuide;
				TargetAttributes = {
					4024C3E81CC48BB5000D8182 = {
						CreatedOnToolsVersion = 7.3;
					};
					4024C4011CC48BB5000D8182 = {
						CreatedOnToolsVersion = 7.3;
						TestTargetID = 4024C3E81CC48BB5000D8182;
					};
					4024C40C1CC48BB5000D8182 = {
						CreatedOnToolsVersion = 7.3;
						TestTargetID = 4024C3E81CC48BB5000D8182;
					};
				};
			};
			buildConfigurationList = 4024C3E41CC48BB5000D8182 /* Build configuration list for PBXProject "XFLegoVIPERExample" */;
			compatibilityVersion = "Xcode 3.2";
			developmentRegion = English;
			hasScannedForEncodings = 0;
			knownRegions = (
				en,
				Base,
			);
			mainGroup = 4024C3E01CC48BB5000D8182;
			productRefGroup = 4024C3EA1CC48BB5000D8182 /* Products */;
			projectDirPath = "";
			projectRoot = "";
			targets = (
				4024C3E81CC48BB5000D8182 /* XFLegoVIPERExample */,
				4024C4011CC48BB5000D8182 /* XFLegoVIPERExampleTests */,
				4024C40C1CC48BB5000D8182 /* XFLegoVIPERExampleUITests */,
			);
		};
/* End PBXProject section */

/* Begin PBXResourcesBuildPhase section */
		4024C3E71CC48BB5000D8182 /* Resources */ = {
			isa = PBXResourcesBuildPhase;
			buildActionMask = 2147483647;
			files = (
				4024C46F1CC49AEE000D8182 /* XFLoginActivity.xib in Resources */,
				4024C3FC1CC48BB5000D8182 /* LaunchScreen.storyboard in Resources */,
				4024C3F91CC48BB5000D8182 /* Assets.xcassets in Resources */,
				4024C45B1CC4917C000D8182 /* XFMainActivity.xib in Resources */,
			);
			runOnlyForDeploymentPostprocessing = 0;
		};
		4024C4001CC48BB5000D8182 /* Resources */ = {
			isa = PBXResourcesBuildPhase;
			buildActionMask = 2147483647;
			files = (
			);
			runOnlyForDeploymentPostprocessing = 0;
		};
		4024C40B1CC48BB5000D8182 /* Resources */ = {
			isa = PBXResourcesBuildPhase;
			buildActionMask = 2147483647;
			files = (
			);
			runOnlyForDeploymentPostprocessing = 0;
		};
/* End PBXResourcesBuildPhase section */

/* Begin PBXShellScriptBuildPhase section */
		509A1988C7642F39C356D4ED /* Embed Pods Frameworks */ = {
			isa = PBXShellScriptBuildPhase;
			buildActionMask = 2147483647;
			files = (
			);
			inputPaths = (
			);
			name = "Embed Pods Frameworks";
			outputPaths = (
			);
			runOnlyForDeploymentPostprocessing = 0;
			shellPath = /bin/sh;
			shellScript = "\"${SRCROOT}/Pods/Target Support Files/Pods-XFLegoVIPERExample/Pods-XFLegoVIPERExample-frameworks.sh\"\n";
			showEnvVarsInLog = 0;
		};
		AFF86454C67D659B3F554A8D /* Check Pods Manifest.lock */ = {
			isa = PBXShellScriptBuildPhase;
			buildActionMask = 2147483647;
			files = (
			);
			inputPaths = (
			);
			name = "Check Pods Manifest.lock";
			outputPaths = (
			);
			runOnlyForDeploymentPostprocessing = 0;
			shellPath = /bin/sh;
			shellScript = "diff \"${PODS_ROOT}/../Podfile.lock\" \"${PODS_ROOT}/Manifest.lock\" > /dev/null\nif [[ $? != 0 ]] ; then\n    cat << EOM\nerror: The sandbox is not in sync with the Podfile.lock. Run 'pod install' or update your CocoaPods installation.\nEOM\n    exit 1\nfi\n";
			showEnvVarsInLog = 0;
		};
		C1F75310FD59BA254B887F85 /* Copy Pods Resources */ = {
			isa = PBXShellScriptBuildPhase;
			buildActionMask = 2147483647;
			files = (
			);
			inputPaths = (
			);
			name = "Copy Pods Resources";
			outputPaths = (
			);
			runOnlyForDeploymentPostprocessing = 0;
			shellPath = /bin/sh;
			shellScript = "\"${SRCROOT}/Pods/Target Support Files/Pods-XFLegoVIPERExample/Pods-XFLegoVIPERExample-resources.sh\"\n";
			showEnvVarsInLog = 0;
		};
/* End PBXShellScriptBuildPhase section */

/* Begin PBXSourcesBuildPhase section */
		4024C3E51CC48BB5000D8182 /* Sources */ = {
			isa = PBXSourcesBuildPhase;
			buildActionMask = 2147483647;
			files = (
				4024C4831CC4E571000D8182 /* XFLoginInteractor.m in Sources */,
				4024C43A1CC48CF1000D8182 /* XFInteractor.m in Sources */,
				4024C4671CC499A3000D8182 /* XFLoginRouting.m in Sources */,
				4024C4371CC48CF1000D8182 /* UIViewController+XFLego.m in Sources */,
				4024C3F11CC48BB5000D8182 /* AppDelegate.m in Sources */,
				4024C45E1CC49242000D8182 /* XFMainPersenter.m in Sources */,
				4024C47D1CC4E4F9000D8182 /* XFUserService.m in Sources */,
				4024C43C1CC48CF1000D8182 /* XFRouting.m in Sources */,
				4024C4381CC48CF1000D8182 /* XFActivity.m in Sources */,
				4024C47A1CC4D439000D8182 /* XFLoginInfoModel.m in Sources */,
				4024C43B1CC48CF1000D8182 /* XFPresenter.m in Sources */,
				4024C45A1CC4917C000D8182 /* XFMainActivity.m in Sources */,
				4024C4611CC49287000D8182 /* XFMainRouting.m in Sources */,
				4024C43D1CC48CF1000D8182 /* XFViewRender.m in Sources */,
				4024C46E1CC49AEE000D8182 /* XFLoginActivity.m in Sources */,
				4024C4721CC4CC1E000D8182 /* XFLoginPersenter.m in Sources */,
				4024C48B1CC4EB9F000D8182 /* XFUITool.m in Sources */,
				4024C3EE1CC48BB5000D8182 /* main.m in Sources */,
				4024C4871CC4E607000D8182 /* XFRACHttpTool.m in Sources */,
			);
			runOnlyForDeploymentPostprocessing = 0;
		};
		4024C3FE1CC48BB5000D8182 /* Sources */ = {
			isa = PBXSourcesBuildPhase;
			buildActionMask = 2147483647;
			files = (
				4024C4071CC48BB5000D8182 /* XFLegoVIPERExampleTests.m in Sources */,
			);
			runOnlyForDeploymentPostprocessing = 0;
		};
		4024C4091CC48BB5000D8182 /* Sources */ = {
			isa = PBXSourcesBuildPhase;
			buildActionMask = 2147483647;
			files = (
				4024C4121CC48BB5000D8182 /* XFLegoVIPERExampleUITests.m in Sources */,
			);
			runOnlyForDeploymentPostprocessing = 0;
		};
/* End PBXSourcesBuildPhase section */

/* Begin PBXTargetDependency section */
		4024C4041CC48BB5000D8182 /* PBXTargetDependency */ = {
			isa = PBXTargetDependency;
			target = 4024C3E81CC48BB5000D8182 /* XFLegoVIPERExample */;
			targetProxy = 4024C4031CC48BB5000D8182 /* PBXContainerItemProxy */;
		};
		4024C40F1CC48BB5000D8182 /* PBXTargetDependency */ = {
			isa = PBXTargetDependency;
			target = 4024C3E81CC48BB5000D8182 /* XFLegoVIPERExample */;
			targetProxy = 4024C40E1CC48BB5000D8182 /* PBXContainerItemProxy */;
		};
/* End PBXTargetDependency section */

/* Begin PBXVariantGroup section */
		4024C3FA1CC48BB5000D8182 /* LaunchScreen.storyboard */ = {
			isa = PBXVariantGroup;
			children = (
				4024C3FB1CC48BB5000D8182 /* Base */,
			);
			name = LaunchScreen.storyboard;
			sourceTree = "<group>";
		};
/* End PBXVariantGroup section */

/* Begin XCBuildConfiguration section */
		4024C4141CC48BB5000D8182 /* Debug */ = {
			isa = XCBuildConfiguration;
			buildSettings = {
				ALWAYS_SEARCH_USER_PATHS = NO;
				CLANG_ANALYZER_NONNULL = YES;
				CLANG_CXX_LANGUAGE_STANDARD = "gnu++0x";
				CLANG_CXX_LIBRARY = "libc++";
				CLANG_ENABLE_MODULES = YES;
				CLANG_ENABLE_OBJC_ARC = YES;
				CLANG_WARN_BOOL_CONVERSION = YES;
				CLANG_WARN_CONSTANT_CONVERSION = YES;
				CLANG_WARN_DIRECT_OBJC_ISA_USAGE = YES_ERROR;
				CLANG_WARN_EMPTY_BODY = YES;
				CLANG_WARN_ENUM_CONVERSION = YES;
				CLANG_WARN_INT_CONVERSION = YES;
				CLANG_WARN_OBJC_ROOT_CLASS = YES_ERROR;
				CLANG_WARN_UNREACHABLE_CODE = YES;
				CLANG_WARN__DUPLICATE_METHOD_MATCH = YES;
				"CODE_SIGN_IDENTITY[sdk=iphoneos*]" = "iPhone Developer";
				COPY_PHASE_STRIP = NO;
				DEBUG_INFORMATION_FORMAT = dwarf;
				ENABLE_STRICT_OBJC_MSGSEND = YES;
				ENABLE_TESTABILITY = YES;
				GCC_C_LANGUAGE_STANDARD = gnu99;
				GCC_DYNAMIC_NO_PIC = NO;
				GCC_NO_COMMON_BLOCKS = YES;
				GCC_OPTIMIZATION_LEVEL = 0;
				GCC_PREPROCESSOR_DEFINITIONS = (
					"DEBUG=1",
					"$(inherited)",
				);
				GCC_WARN_64_TO_32_BIT_CONVERSION = YES;
				GCC_WARN_ABOUT_RETURN_TYPE = YES_ERROR;
				GCC_WARN_UNDECLARED_SELECTOR = YES;
				GCC_WARN_UNINITIALIZED_AUTOS = YES_AGGRESSIVE;
				GCC_WARN_UNUSED_FUNCTION = YES;
				GCC_WARN_UNUSED_VARIABLE = YES;
				IPHONEOS_DEPLOYMENT_TARGET = 9.3;
				MTL_ENABLE_DEBUG_INFO = YES;
				ONLY_ACTIVE_ARCH = YES;
				SDKROOT = iphoneos;
			};
			name = Debug;
		};
		4024C4151CC48BB5000D8182 /* Release */ = {
			isa = XCBuildConfiguration;
			buildSettings = {
				ALWAYS_SEARCH_USER_PATHS = NO;
				CLANG_ANALYZER_NONNULL = YES;
				CLANG_CXX_LANGUAGE_STANDARD = "gnu++0x";
				CLANG_CXX_LIBRARY = "libc++";
				CLANG_ENABLE_MODULES = YES;
				CLANG_ENABLE_OBJC_ARC = YES;
				CLANG_WARN_BOOL_CONVERSION = YES;
				CLANG_WARN_CONSTANT_CONVERSION = YES;
				CLANG_WARN_DIRECT_OBJC_ISA_USAGE = YES_ERROR;
				CLANG_WARN_EMPTY_BODY = YES;
				CLANG_WARN_ENUM_CONVERSION = YES;
				CLANG_WARN_INT_CONVERSION = YES;
				CLANG_WARN_OBJC_ROOT_CLASS = YES_ERROR;
				CLANG_WARN_UNREACHABLE_CODE = YES;
				CLANG_WARN__DUPLICATE_METHOD_MATCH = YES;
				"CODE_SIGN_IDENTITY[sdk=iphoneos*]" = "iPhone Developer";
				COPY_PHASE_STRIP = NO;
				DEBUG_INFORMATION_FORMAT = "dwarf-with-dsym";
				ENABLE_NS_ASSERTIONS = NO;
				ENABLE_STRICT_OBJC_MSGSEND = YES;
				GCC_C_LANGUAGE_STANDARD = gnu99;
				GCC_NO_COMMON_BLOCKS = YES;
				GCC_WARN_64_TO_32_BIT_CONVERSION = YES;
				GCC_WARN_ABOUT_RETURN_TYPE = YES_ERROR;
				GCC_WARN_UNDECLARED_SELECTOR = YES;
				GCC_WARN_UNINITIALIZED_AUTOS = YES_AGGRESSIVE;
				GCC_WARN_UNUSED_FUNCTION = YES;
				GCC_WARN_UNUSED_VARIABLE = YES;
				IPHONEOS_DEPLOYMENT_TARGET = 9.3;
				MTL_ENABLE_DEBUG_INFO = NO;
				SDKROOT = iphoneos;
				VALIDATE_PRODUCT = YES;
			};
			name = Release;
		};
		4024C4171CC48BB5000D8182 /* Debug */ = {
			isa = XCBuildConfiguration;
			baseConfigurationReference = 50AF4982615927531179D72C /* Pods-XFLegoVIPERExample.debug.xcconfig */;
			buildSettings = {
				ASSETCATALOG_COMPILER_APPICON_NAME = AppIcon;
				INFOPLIST_FILE = XFLegoVIPERExample/Info.plist;
				LD_RUNPATH_SEARCH_PATHS = "$(inherited) @executable_path/Frameworks";
				PRODUCT_BUNDLE_IDENTIFIER = com.yizzuide.XFLegoVIPERExample;
				PRODUCT_NAME = "$(TARGET_NAME)";
			};
			name = Debug;
		};
		4024C4181CC48BB5000D8182 /* Release */ = {
			isa = XCBuildConfiguration;
			baseConfigurationReference = 8B9A688CB55380D7781B9F2C /* Pods-XFLegoVIPERExample.release.xcconfig */;
			buildSettings = {
				ASSETCATALOG_COMPILER_APPICON_NAME = AppIcon;
				INFOPLIST_FILE = XFLegoVIPERExample/Info.plist;
				LD_RUNPATH_SEARCH_PATHS = "$(inherited) @executable_path/Frameworks";
				PRODUCT_BUNDLE_IDENTIFIER = com.yizzuide.XFLegoVIPERExample;
				PRODUCT_NAME = "$(TARGET_NAME)";
			};
			name = Release;
		};
		4024C41A1CC48BB5000D8182 /* Debug */ = {
			isa = XCBuildConfiguration;
			buildSettings = {
				BUNDLE_LOADER = "$(TEST_HOST)";
				INFOPLIST_FILE = XFLegoVIPERExampleTests/Info.plist;
				LD_RUNPATH_SEARCH_PATHS = "$(inherited) @executable_path/Frameworks @loader_path/Frameworks";
				PRODUCT_BUNDLE_IDENTIFIER = com.yizzuide.XFLegoVIPERExampleTests;
				PRODUCT_NAME = "$(TARGET_NAME)";
				TEST_HOST = "$(BUILT_PRODUCTS_DIR)/XFLegoVIPERExample.app/XFLegoVIPERExample";
			};
			name = Debug;
		};
		4024C41B1CC48BB5000D8182 /* Release */ = {
			isa = XCBuildConfiguration;
			buildSettings = {
				BUNDLE_LOADER = "$(TEST_HOST)";
				INFOPLIST_FILE = XFLegoVIPERExampleTests/Info.plist;
				LD_RUNPATH_SEARCH_PATHS = "$(inherited) @executable_path/Frameworks @loader_path/Frameworks";
				PRODUCT_BUNDLE_IDENTIFIER = com.yizzuide.XFLegoVIPERExampleTests;
				PRODUCT_NAME = "$(TARGET_NAME)";
				TEST_HOST = "$(BUILT_PRODUCTS_DIR)/XFLegoVIPERExample.app/XFLegoVIPERExample";
			};
			name = Release;
		};
		4024C41D1CC48BB5000D8182 /* Debug */ = {
			isa = XCBuildConfiguration;
			buildSettings = {
				INFOPLIST_FILE = XFLegoVIPERExampleUITests/Info.plist;
				LD_RUNPATH_SEARCH_PATHS = "$(inherited) @executable_path/Frameworks @loader_path/Frameworks";
				PRODUCT_BUNDLE_IDENTIFIER = com.yizzuide.XFLegoVIPERExampleUITests;
				PRODUCT_NAME = "$(TARGET_NAME)";
				TEST_TARGET_NAME = XFLegoVIPERExample;
			};
			name = Debug;
		};
		4024C41E1CC48BB5000D8182 /* Release */ = {
			isa = XCBuildConfiguration;
			buildSettings = {
				INFOPLIST_FILE = XFLegoVIPERExampleUITests/Info.plist;
				LD_RUNPATH_SEARCH_PATHS = "$(inherited) @executable_path/Frameworks @loader_path/Frameworks";
				PRODUCT_BUNDLE_IDENTIFIER = com.yizzuide.XFLegoVIPERExampleUITests;
				PRODUCT_NAME = "$(TARGET_NAME)";
				TEST_TARGET_NAME = XFLegoVIPERExample;
			};
			name = Release;
		};
/* End XCBuildConfiguration section */

/* Begin XCConfigurationList section */
		4024C3E41CC48BB5000D8182 /* Build configuration list for PBXProject "XFLegoVIPERExample" */ = {
			isa = XCConfigurationList;
			buildConfigurations = (
				4024C4141CC48BB5000D8182 /* Debug */,
				4024C4151CC48BB5000D8182 /* Release */,
			);
			defaultConfigurationIsVisible = 0;
			defaultConfigurationName = Release;
		};
		4024C4161CC48BB5000D8182 /* Build configuration list for PBXNativeTarget "XFLegoVIPERExample" */ = {
			isa = XCConfigurationList;
			buildConfigurations = (
				4024C4171CC48BB5000D8182 /* Debug */,
				4024C4181CC48BB5000D8182 /* Release */,
			);
			defaultConfigurationIsVisible = 0;
			defaultConfigurationName = Release;
		};
		4024C4191CC48BB5000D8182 /* Build configuration list for PBXNativeTarget "XFLegoVIPERExampleTests" */ = {
			isa = XCConfigurationList;
			buildConfigurations = (
				4024C41A1CC48BB5000D8182 /* Debug */,
				4024C41B1CC48BB5000D8182 /* Release */,
			);
			defaultConfigurationIsVisible = 0;
			defaultConfigurationName = Release;
		};
		4024C41C1CC48BB5000D8182 /* Build configuration list for PBXNativeTarget "XFLegoVIPERExampleUITests" */ = {
			isa = XCConfigurationList;
			buildConfigurations = (
				4024C41D1CC48BB5000D8182 /* Debug */,
				4024C41E1CC48BB5000D8182 /* Release */,
			);
			defaultConfigurationIsVisible = 0;
			defaultConfigurationName = Release;
		};
/* End XCConfigurationList section */
	};
	rootObject = 4024C3E11CC48BB5000D8182 /* Project object */;
}
