// !$*UTF8*$!
{
	archiveVersion = 1;
	classes = {
	};
	objectVersion = 46;
	objects = {

/* Begin PBXBuildFile section */
		0491CE523D1A66BF554051F0 /* libPods-XFLegoVIPERExample.a in Frameworks */ = {isa = PBXBuildFile; fileRef = 03E9152FD23584F0674B0301 /* libPods-XFLegoVIPERExample.a */; };
		40047AD61DA25A2900BF31ED /* XFSubControlActivity.m in Sources */ = {isa = PBXBuildFile; fileRef = 40047AD41DA25A2900BF31ED /* XFSubControlActivity.m */; };
		40047AD71DA25A2900BF31ED /* XFSubControlActivity.xib in Resources */ = {isa = PBXBuildFile; fileRef = 40047AD51DA25A2900BF31ED /* XFSubControlActivity.xib */; };
		40047ADA1DA25CCA00BF31ED /* XFSubControlRouting.m in Sources */ = {isa = PBXBuildFile; fileRef = 40047AD91DA25CCA00BF31ED /* XFSubControlRouting.m */; };
		40047ADD1DA25CF100BF31ED /* XFSubControlPresenter.m in Sources */ = {isa = PBXBuildFile; fileRef = 40047ADC1DA25CF100BF31ED /* XFSubControlPresenter.m */; };
		40047AE61DA267D500BF31ED /* XFCollectActivity.m in Sources */ = {isa = PBXBuildFile; fileRef = 40047AE41DA267D500BF31ED /* XFCollectActivity.m */; };
		40047AE71DA267D500BF31ED /* XFCollectActivity.xib in Resources */ = {isa = PBXBuildFile; fileRef = 40047AE51DA267D500BF31ED /* XFCollectActivity.xib */; };
		40047AEA1DA2691200BF31ED /* XFCollectRouting.m in Sources */ = {isa = PBXBuildFile; fileRef = 40047AE91DA2691200BF31ED /* XFCollectRouting.m */; };
		40047AED1DA2693A00BF31ED /* XFCollectPresenter.m in Sources */ = {isa = PBXBuildFile; fileRef = 40047AEC1DA2693A00BF31ED /* XFCollectPresenter.m */; };
		40047AF71DA27B3500BF31ED /* XFWorksActivity.m in Sources */ = {isa = PBXBuildFile; fileRef = 40047AF51DA27B3500BF31ED /* XFWorksActivity.m */; };
		40047AF81DA27B3500BF31ED /* XFWorksActivity.xib in Resources */ = {isa = PBXBuildFile; fileRef = 40047AF61DA27B3500BF31ED /* XFWorksActivity.xib */; };
		40047AFB1DA27B8E00BF31ED /* XFWorksPresenter.m in Sources */ = {isa = PBXBuildFile; fileRef = 40047AFA1DA27B8E00BF31ED /* XFWorksPresenter.m */; };
		40047AFE1DA27BA800BF31ED /* XFWorksRouting.m in Sources */ = {isa = PBXBuildFile; fileRef = 40047AFD1DA27BA800BF31ED /* XFWorksRouting.m */; };
		40047B021DA3596000BF31ED /* XFSubControl2Activity.m in Sources */ = {isa = PBXBuildFile; fileRef = 40047B001DA3596000BF31ED /* XFSubControl2Activity.m */; };
		40047B031DA3596000BF31ED /* XFSubControl2Activity.xib in Resources */ = {isa = PBXBuildFile; fileRef = 40047B011DA3596000BF31ED /* XFSubControl2Activity.xib */; };
		40047B061DA35A4200BF31ED /* XFSubControl2Routing.m in Sources */ = {isa = PBXBuildFile; fileRef = 40047B051DA35A4200BF31ED /* XFSubControl2Routing.m */; };
		40047B091DA35AA100BF31ED /* XFSubControl2Presenter.m in Sources */ = {isa = PBXBuildFile; fileRef = 40047B081DA35AA100BF31ED /* XFSubControl2Presenter.m */; };
		40047B0E1DA40CC800BF31ED /* XFInterfaceFactory.m in Sources */ = {isa = PBXBuildFile; fileRef = 40047B0D1DA40CC800BF31ED /* XFInterfaceFactory.m */; };
		40047B311DA54DA100BF31ED /* XFPictureResultsInteractor.m in Sources */ = {isa = PBXBuildFile; fileRef = 40047B141DA54DA100BF31ED /* XFPictureResultsInteractor.m */; };
		40047B321DA54DA100BF31ED /* XFPictureProvider.m in Sources */ = {isa = PBXBuildFile; fileRef = 40047B171DA54DA100BF31ED /* XFPictureProvider.m */; };
		40047B331DA54DA100BF31ED /* XFPictureExpressData.m in Sources */ = {isa = PBXBuildFile; fileRef = 40047B221DA54DA100BF31ED /* XFPictureExpressData.m */; };
		40047B341DA54DA100BF31ED /* XFPictureItem.m in Sources */ = {isa = PBXBuildFile; fileRef = 40047B241DA54DA100BF31ED /* XFPictureItem.m */; };
		40047B351DA54DA100BF31ED /* XFPictureResultsPresenter.m in Sources */ = {isa = PBXBuildFile; fileRef = 40047B271DA54DA100BF31ED /* XFPictureResultsPresenter.m */; };
		40047B361DA54DA100BF31ED /* XFPictureResultsActivity.m in Sources */ = {isa = PBXBuildFile; fileRef = 40047B2A1DA54DA100BF31ED /* XFPictureResultsActivity.m */; };
		40047B371DA54DA100BF31ED /* XFPictureTableViewCell.m in Sources */ = {isa = PBXBuildFile; fileRef = 40047B2C1DA54DA100BF31ED /* XFPictureTableViewCell.m */; };
		40047B381DA54DA100BF31ED /* XFPictureTableViewCell.xib in Resources */ = {isa = PBXBuildFile; fileRef = 40047B2D1DA54DA100BF31ED /* XFPictureTableViewCell.xib */; };
		40047B391DA54DA100BF31ED /* XFPictureResultsRouting.m in Sources */ = {isa = PBXBuildFile; fileRef = 40047B301DA54DA100BF31ED /* XFPictureResultsRouting.m */; };
		401688FD1D755CCB00311CD2 /* UIView+XFLego.m in Sources */ = {isa = PBXBuildFile; fileRef = 401688ED1D755CCB00311CD2 /* UIView+XFLego.m */; };
		401688FE1D755CCB00311CD2 /* UIViewController+XFLego.m in Sources */ = {isa = PBXBuildFile; fileRef = 401688EF1D755CCB00311CD2 /* UIViewController+XFLego.m */; };
		401688FF1D755CCB00311CD2 /* XFActivity.m in Sources */ = {isa = PBXBuildFile; fileRef = 401688F11D755CCB00311CD2 /* XFActivity.m */; };
		401689001D755CCB00311CD2 /* XFDataManager.m in Sources */ = {isa = PBXBuildFile; fileRef = 401688F31D755CCB00311CD2 /* XFDataManager.m */; };
		401689011D755CCB00311CD2 /* XFInteractor.m in Sources */ = {isa = PBXBuildFile; fileRef = 401688F51D755CCB00311CD2 /* XFInteractor.m */; };
		401689021D755CCB00311CD2 /* XFPresenter.m in Sources */ = {isa = PBXBuildFile; fileRef = 401688F81D755CCB00311CD2 /* XFPresenter.m */; };
		401689031D755CCB00311CD2 /* XFRouting.m in Sources */ = {isa = PBXBuildFile; fileRef = 401688FA1D755CCB00311CD2 /* XFRouting.m */; };
		401EDE111DA255B100BB4741 /* XFDetailsPresenter.m in Sources */ = {isa = PBXBuildFile; fileRef = 401EDE081DA255B100BB4741 /* XFDetailsPresenter.m */; };
		401EDE121DA255B100BB4741 /* XFDetails.storyboard in Resources */ = {isa = PBXBuildFile; fileRef = 401EDE0A1DA255B100BB4741 /* XFDetails.storyboard */; };
		401EDE131DA255B100BB4741 /* XFDetailsActivity.m in Sources */ = {isa = PBXBuildFile; fileRef = 401EDE0C1DA255B100BB4741 /* XFDetailsActivity.m */; };
		401EDE141DA255B100BB4741 /* XFDetailsActivity.xib in Resources */ = {isa = PBXBuildFile; fileRef = 401EDE0D1DA255B100BB4741 /* XFDetailsActivity.xib */; };
		401EDE151DA255B100BB4741 /* XFDetailsRouting.m in Sources */ = {isa = PBXBuildFile; fileRef = 401EDE101DA255B100BB4741 /* XFDetailsRouting.m */; };
		4024C3EE1CC48BB5000D8182 /* main.m in Sources */ = {isa = PBXBuildFile; fileRef = 4024C3ED1CC48BB5000D8182 /* main.m */; };
		4024C3F11CC48BB5000D8182 /* AppDelegate.m in Sources */ = {isa = PBXBuildFile; fileRef = 4024C3F01CC48BB5000D8182 /* AppDelegate.m */; };
		4024C3F91CC48BB5000D8182 /* Assets.xcassets in Resources */ = {isa = PBXBuildFile; fileRef = 4024C3F81CC48BB5000D8182 /* Assets.xcassets */; };
		4024C3FC1CC48BB5000D8182 /* LaunchScreen.storyboard in Resources */ = {isa = PBXBuildFile; fileRef = 4024C3FA1CC48BB5000D8182 /* LaunchScreen.storyboard */; };
		4024C4071CC48BB5000D8182 /* XFLegoVIPERExampleTests.m in Sources */ = {isa = PBXBuildFile; fileRef = 4024C4061CC48BB5000D8182 /* XFLegoVIPERExampleTests.m */; };
		4024C4121CC48BB5000D8182 /* XFLegoVIPERExampleUITests.m in Sources */ = {isa = PBXBuildFile; fileRef = 4024C4111CC48BB5000D8182 /* XFLegoVIPERExampleUITests.m */; };
		4024C4871CC4E607000D8182 /* XFRACHttpTool.m in Sources */ = {isa = PBXBuildFile; fileRef = 4024C4861CC4E607000D8182 /* XFRACHttpTool.m */; };
		4024C48B1CC4EB9F000D8182 /* XFUITool.m in Sources */ = {isa = PBXBuildFile; fileRef = 4024C48A1CC4EB9F000D8182 /* XFUITool.m */; };
		403B423B1DAA450600F70CD3 /* XFPageControlRouting.m in Sources */ = {isa = PBXBuildFile; fileRef = 403B423A1DAA450600F70CD3 /* XFPageControlRouting.m */; };
		40435B1B1D71C0B400E6A87C /* NSArray+HOM.m in Sources */ = {isa = PBXBuildFile; fileRef = 40435B1A1D71C0B400E6A87C /* NSArray+HOM.m */; };
		40435B221D71D8C600E6A87C /* CETableViewBindingHelper.m in Sources */ = {isa = PBXBuildFile; fileRef = 40435B211D71D8C600E6A87C /* CETableViewBindingHelper.m */; };
		40435B4F1D72909200E6A87C /* NSObject+XFLegoInvokeMethod.m in Sources */ = {isa = PBXBuildFile; fileRef = 40435B4E1D72909200E6A87C /* NSObject+XFLegoInvokeMethod.m */; };
		40AA5E281DAB3A6600DC71D0 /* PageControl.storyboard in Resources */ = {isa = PBXBuildFile; fileRef = 40AA5E271DAB3A6600DC71D0 /* PageControl.storyboard */; };
		40AA5E2B1DAB3C2600DC71D0 /* XFPageControlActivity.m in Sources */ = {isa = PBXBuildFile; fileRef = 40AA5E2A1DAB3C2600DC71D0 /* XFPageControlActivity.m */; };
		40AA5E2E1DAB3DF100DC71D0 /* XFPageControlPresenter.m in Sources */ = {isa = PBXBuildFile; fileRef = 40AA5E2D1DAB3DF100DC71D0 /* XFPageControlPresenter.m */; };
		40AA5E311DAB3EAB00DC71D0 /* XFMovieActivity.m in Sources */ = {isa = PBXBuildFile; fileRef = 40AA5E301DAB3EAB00DC71D0 /* XFMovieActivity.m */; };
		40AA5E341DAB3EC800DC71D0 /* XFMusicActivity.m in Sources */ = {isa = PBXBuildFile; fileRef = 40AA5E331DAB3EC800DC71D0 /* XFMusicActivity.m */; };
		40AA5E371DAB3EDA00DC71D0 /* XFBookActivity.m in Sources */ = {isa = PBXBuildFile; fileRef = 40AA5E361DAB3EDA00DC71D0 /* XFBookActivity.m */; };
		40AA5E3A1DAB3F6B00DC71D0 /* XFMoviePresenter.m in Sources */ = {isa = PBXBuildFile; fileRef = 40AA5E391DAB3F6B00DC71D0 /* XFMoviePresenter.m */; };
		40AA5E3D1DAB3F7E00DC71D0 /* XFMusicPresenter.m in Sources */ = {isa = PBXBuildFile; fileRef = 40AA5E3C1DAB3F7E00DC71D0 /* XFMusicPresenter.m */; };
		40AA5E401DAB3F8F00DC71D0 /* XFBookPresenter.m in Sources */ = {isa = PBXBuildFile; fileRef = 40AA5E3F1DAB3F8F00DC71D0 /* XFBookPresenter.m */; };
		40AA5E431DAB3FAA00DC71D0 /* XFMovieRouting.m in Sources */ = {isa = PBXBuildFile; fileRef = 40AA5E421DAB3FAA00DC71D0 /* XFMovieRouting.m */; };
		40AA5E461DAB405400DC71D0 /* XFMusicRouting.m in Sources */ = {isa = PBXBuildFile; fileRef = 40AA5E451DAB405400DC71D0 /* XFMusicRouting.m */; };
		40AA5E491DAB40E300DC71D0 /* XFBookRouting.m in Sources */ = {isa = PBXBuildFile; fileRef = 40AA5E481DAB40E300DC71D0 /* XFBookRouting.m */; };
		40B2059D1D79209400A79925 /* XFRoutingLinkManager.m in Sources */ = {isa = PBXBuildFile; fileRef = 40B2059C1D79209400A79925 /* XFRoutingLinkManager.m */; };
		40BBE94D1D9ECD18005B45C4 /* XFPictureDataManager.m in Sources */ = {isa = PBXBuildFile; fileRef = 40BBE9211D9ECD18005B45C4 /* XFPictureDataManager.m */; };
		40BBE94E1D9ECD18005B45C4 /* XFSearchInteractor.m in Sources */ = {isa = PBXBuildFile; fileRef = 40BBE9241D9ECD18005B45C4 /* XFSearchInteractor.m */; };
		40BBE94F1D9ECD18005B45C4 /* XFPictureListModel.m in Sources */ = {isa = PBXBuildFile; fileRef = 40BBE9271D9ECD18005B45C4 /* XFPictureListModel.m */; };
		40BBE9501D9ECD18005B45C4 /* XFPictureModel.m in Sources */ = {isa = PBXBuildFile; fileRef = 40BBE9291D9ECD18005B45C4 /* XFPictureModel.m */; };
		40BBE9511D9ECD18005B45C4 /* XFPictureService.m in Sources */ = {isa = PBXBuildFile; fileRef = 40BBE92E1D9ECD18005B45C4 /* XFPictureService.m */; };
		40BBE9521D9ECD18005B45C4 /* XFSearchPresenter.m in Sources */ = {isa = PBXBuildFile; fileRef = 40BBE9371D9ECD18005B45C4 /* XFSearchPresenter.m */; };
		40BBE9531D9ECD18005B45C4 /* XFSearchActivity.m in Sources */ = {isa = PBXBuildFile; fileRef = 40BBE93A1D9ECD18005B45C4 /* XFSearchActivity.m */; };
		40BBE9541D9ECD18005B45C4 /* XFSearchActivity.xib in Resources */ = {isa = PBXBuildFile; fileRef = 40BBE93B1D9ECD18005B45C4 /* XFSearchActivity.xib */; };
		40BBE9551D9ECD18005B45C4 /* XFSearchRouting.m in Sources */ = {isa = PBXBuildFile; fileRef = 40BBE93E1D9ECD18005B45C4 /* XFSearchRouting.m */; };
/* End PBXBuildFile section */

/* Begin PBXContainerItemProxy section */
		4024C4031CC48BB5000D8182 /* PBXContainerItemProxy */ = {
			isa = PBXContainerItemProxy;
			containerPortal = 4024C3E11CC48BB5000D8182 /* Project object */;
			proxyType = 1;
			remoteGlobalIDString = 4024C3E81CC48BB5000D8182;
			remoteInfo = XFLegoVIPERExample;
		};
		4024C40E1CC48BB5000D8182 /* PBXContainerItemProxy */ = {
			isa = PBXContainerItemProxy;
			containerPortal = 4024C3E11CC48BB5000D8182 /* Project object */;
			proxyType = 1;
			remoteGlobalIDString = 4024C3E81CC48BB5000D8182;
			remoteInfo = XFLegoVIPERExample;
		};
/* End PBXContainerItemProxy section */

/* Begin PBXFileReference section */
		03E9152FD23584F0674B0301 /* libPods-XFLegoVIPERExample.a */ = {isa = PBXFileReference; explicitFileType = archive.ar; includeInIndex = 0; path = "libPods-XFLegoVIPERExample.a"; sourceTree = BUILT_PRODUCTS_DIR; };
		0FAFD3E7A4FB020A558221E3 /* Pods-XFLegoVIPERExample.debug.xcconfig */ = {isa = PBXFileReference; includeInIndex = 1; lastKnownFileType = text.xcconfig; name = "Pods-XFLegoVIPERExample.debug.xcconfig"; path = "Pods/Target Support Files/Pods-XFLegoVIPERExample/Pods-XFLegoVIPERExample.debug.xcconfig"; sourceTree = "<group>"; };
		40047AD31DA25A2900BF31ED /* XFSubControlActivity.h */ = {isa = PBXFileReference; fileEncoding = 4; lastKnownFileType = sourcecode.c.h; path = XFSubControlActivity.h; sourceTree = "<group>"; };
		40047AD41DA25A2900BF31ED /* XFSubControlActivity.m */ = {isa = PBXFileReference; fileEncoding = 4; lastKnownFileType = sourcecode.c.objc; path = XFSubControlActivity.m; sourceTree = "<group>"; };
		40047AD51DA25A2900BF31ED /* XFSubControlActivity.xib */ = {isa = PBXFileReference; fileEncoding = 4; lastKnownFileType = file.xib; path = XFSubControlActivity.xib; sourceTree = "<group>"; };
		40047AD81DA25CCA00BF31ED /* XFSubControlRouting.h */ = {isa = PBXFileReference; fileEncoding = 4; lastKnownFileType = sourcecode.c.h; path = XFSubControlRouting.h; sourceTree = "<group>"; };
		40047AD91DA25CCA00BF31ED /* XFSubControlRouting.m */ = {isa = PBXFileReference; fileEncoding = 4; lastKnownFileType = sourcecode.c.objc; path = XFSubControlRouting.m; sourceTree = "<group>"; };
		40047ADB1DA25CF100BF31ED /* XFSubControlPresenter.h */ = {isa = PBXFileReference; fileEncoding = 4; lastKnownFileType = sourcecode.c.h; path = XFSubControlPresenter.h; sourceTree = "<group>"; };
		40047ADC1DA25CF100BF31ED /* XFSubControlPresenter.m */ = {isa = PBXFileReference; fileEncoding = 4; lastKnownFileType = sourcecode.c.objc; path = XFSubControlPresenter.m; sourceTree = "<group>"; };
		40047AE21DA25F7F00BF31ED /* XFSubControlWrieframePort.h */ = {isa = PBXFileReference; fileEncoding = 4; lastKnownFileType = sourcecode.c.h; path = XFSubControlWrieframePort.h; sourceTree = "<group>"; };
		40047AE31DA267D500BF31ED /* XFCollectActivity.h */ = {isa = PBXFileReference; fileEncoding = 4; lastKnownFileType = sourcecode.c.h; path = XFCollectActivity.h; sourceTree = "<group>"; };
		40047AE41DA267D500BF31ED /* XFCollectActivity.m */ = {isa = PBXFileReference; fileEncoding = 4; lastKnownFileType = sourcecode.c.objc; path = XFCollectActivity.m; sourceTree = "<group>"; };
		40047AE51DA267D500BF31ED /* XFCollectActivity.xib */ = {isa = PBXFileReference; fileEncoding = 4; lastKnownFileType = file.xib; path = XFCollectActivity.xib; sourceTree = "<group>"; };
		40047AE81DA2691200BF31ED /* XFCollectRouting.h */ = {isa = PBXFileReference; fileEncoding = 4; lastKnownFileType = sourcecode.c.h; path = XFCollectRouting.h; sourceTree = "<group>"; };
		40047AE91DA2691200BF31ED /* XFCollectRouting.m */ = {isa = PBXFileReference; fileEncoding = 4; lastKnownFileType = sourcecode.c.objc; path = XFCollectRouting.m; sourceTree = "<group>"; };
		40047AEB1DA2693A00BF31ED /* XFCollectPresenter.h */ = {isa = PBXFileReference; fileEncoding = 4; lastKnownFileType = sourcecode.c.h; path = XFCollectPresenter.h; sourceTree = "<group>"; };
		40047AEC1DA2693A00BF31ED /* XFCollectPresenter.m */ = {isa = PBXFileReference; fileEncoding = 4; lastKnownFileType = sourcecode.c.objc; path = XFCollectPresenter.m; sourceTree = "<group>"; };
		40047AEE1DA26D2000BF31ED /* XFSubControlEventHandlerPort.h */ = {isa = PBXFileReference; fileEncoding = 4; lastKnownFileType = sourcecode.c.h; path = XFSubControlEventHandlerPort.h; sourceTree = "<group>"; };
		40047AF41DA27B3500BF31ED /* XFWorksActivity.h */ = {isa = PBXFileReference; fileEncoding = 4; lastKnownFileType = sourcecode.c.h; path = XFWorksActivity.h; sourceTree = "<group>"; };
		40047AF51DA27B3500BF31ED /* XFWorksActivity.m */ = {isa = PBXFileReference; fileEncoding = 4; lastKnownFileType = sourcecode.c.objc; path = XFWorksActivity.m; sourceTree = "<group>"; };
		40047AF61DA27B3500BF31ED /* XFWorksActivity.xib */ = {isa = PBXFileReference; fileEncoding = 4; lastKnownFileType = file.xib; path = XFWorksActivity.xib; sourceTree = "<group>"; };
		40047AF91DA27B8E00BF31ED /* XFWorksPresenter.h */ = {isa = PBXFileReference; fileEncoding = 4; lastKnownFileType = sourcecode.c.h; path = XFWorksPresenter.h; sourceTree = "<group>"; };
		40047AFA1DA27B8E00BF31ED /* XFWorksPresenter.m */ = {isa = PBXFileReference; fileEncoding = 4; lastKnownFileType = sourcecode.c.objc; path = XFWorksPresenter.m; sourceTree = "<group>"; };
		40047AFC1DA27BA800BF31ED /* XFWorksRouting.h */ = {isa = PBXFileReference; fileEncoding = 4; lastKnownFileType = sourcecode.c.h; path = XFWorksRouting.h; sourceTree = "<group>"; };
		40047AFD1DA27BA800BF31ED /* XFWorksRouting.m */ = {isa = PBXFileReference; fileEncoding = 4; lastKnownFileType = sourcecode.c.objc; path = XFWorksRouting.m; sourceTree = "<group>"; };
		40047AFF1DA3596000BF31ED /* XFSubControl2Activity.h */ = {isa = PBXFileReference; fileEncoding = 4; lastKnownFileType = sourcecode.c.h; path = XFSubControl2Activity.h; sourceTree = "<group>"; };
		40047B001DA3596000BF31ED /* XFSubControl2Activity.m */ = {isa = PBXFileReference; fileEncoding = 4; lastKnownFileType = sourcecode.c.objc; path = XFSubControl2Activity.m; sourceTree = "<group>"; };
		40047B011DA3596000BF31ED /* XFSubControl2Activity.xib */ = {isa = PBXFileReference; fileEncoding = 4; lastKnownFileType = file.xib; path = XFSubControl2Activity.xib; sourceTree = "<group>"; };
		40047B041DA35A4200BF31ED /* XFSubControl2Routing.h */ = {isa = PBXFileReference; fileEncoding = 4; lastKnownFileType = sourcecode.c.h; path = XFSubControl2Routing.h; sourceTree = "<group>"; };
		40047B051DA35A4200BF31ED /* XFSubControl2Routing.m */ = {isa = PBXFileReference; fileEncoding = 4; lastKnownFileType = sourcecode.c.objc; path = XFSubControl2Routing.m; sourceTree = "<group>"; };
		40047B071DA35AA100BF31ED /* XFSubControl2Presenter.h */ = {isa = PBXFileReference; fileEncoding = 4; lastKnownFileType = sourcecode.c.h; path = XFSubControl2Presenter.h; sourceTree = "<group>"; };
		40047B081DA35AA100BF31ED /* XFSubControl2Presenter.m */ = {isa = PBXFileReference; fileEncoding = 4; lastKnownFileType = sourcecode.c.objc; path = XFSubControl2Presenter.m; sourceTree = "<group>"; };
		40047B0A1DA35B7C00BF31ED /* XFSubControl2EventHandlerPort.h */ = {isa = PBXFileReference; fileEncoding = 4; lastKnownFileType = sourcecode.c.h; path = XFSubControl2EventHandlerPort.h; sourceTree = "<group>"; };
		40047B0B1DA3617C00BF31ED /* XFSubContol2WireframePort.h */ = {isa = PBXFileReference; fileEncoding = 4; lastKnownFileType = sourcecode.c.h; path = XFSubContol2WireframePort.h; sourceTree = "<group>"; };
		40047B0C1DA40CC800BF31ED /* XFInterfaceFactory.h */ = {isa = PBXFileReference; fileEncoding = 4; lastKnownFileType = sourcecode.c.h; path = XFInterfaceFactory.h; sourceTree = "<group>"; };
		40047B0D1DA40CC800BF31ED /* XFInterfaceFactory.m */ = {isa = PBXFileReference; fileEncoding = 4; lastKnownFileType = sourcecode.c.objc; path = XFInterfaceFactory.m; sourceTree = "<group>"; };
		40047B131DA54DA100BF31ED /* XFPictureResultsInteractor.h */ = {isa = PBXFileReference; fileEncoding = 4; lastKnownFileType = sourcecode.c.h; path = XFPictureResultsInteractor.h; sourceTree = "<group>"; };
		40047B141DA54DA100BF31ED /* XFPictureResultsInteractor.m */ = {isa = PBXFileReference; fileEncoding = 4; lastKnownFileType = sourcecode.c.objc; path = XFPictureResultsInteractor.m; sourceTree = "<group>"; };
		40047B161DA54DA100BF31ED /* XFPictureProvider.h */ = {isa = PBXFileReference; fileEncoding = 4; lastKnownFileType = sourcecode.c.h; path = XFPictureProvider.h; sourceTree = "<group>"; };
		40047B171DA54DA100BF31ED /* XFPictureProvider.m */ = {isa = PBXFileReference; fileEncoding = 4; lastKnownFileType = sourcecode.c.objc; path = XFPictureProvider.m; sourceTree = "<group>"; };
		40047B1C1DA54DA100BF31ED /* XFPictureResultsEventHandlerPort.h */ = {isa = PBXFileReference; fileEncoding = 4; lastKnownFileType = sourcecode.c.h; path = XFPictureResultsEventHandlerPort.h; sourceTree = "<group>"; };
		40047B1D1DA54DA100BF31ED /* XFPictureResultsInteractorPort.h */ = {isa = PBXFileReference; fileEncoding = 4; lastKnownFileType = sourcecode.c.h; path = XFPictureResultsInteractorPort.h; sourceTree = "<group>"; };
		40047B1E1DA54DA100BF31ED /* XFPictureResultWireframePort.h */ = {isa = PBXFileReference; fileEncoding = 4; lastKnownFileType = sourcecode.c.h; path = XFPictureResultWireframePort.h; sourceTree = "<group>"; };
		40047B211DA54DA100BF31ED /* XFPictureExpressData.h */ = {isa = PBXFileReference; fileEncoding = 4; lastKnownFileType = sourcecode.c.h; path = XFPictureExpressData.h; sourceTree = "<group>"; };
		40047B221DA54DA100BF31ED /* XFPictureExpressData.m */ = {isa = PBXFileReference; fileEncoding = 4; lastKnownFileType = sourcecode.c.objc; path = XFPictureExpressData.m; sourceTree = "<group>"; };
		40047B231DA54DA100BF31ED /* XFPictureItem.h */ = {isa = PBXFileReference; fileEncoding = 4; lastKnownFileType = sourcecode.c.h; path = XFPictureItem.h; sourceTree = "<group>"; };
		40047B241DA54DA100BF31ED /* XFPictureItem.m */ = {isa = PBXFileReference; fileEncoding = 4; lastKnownFileType = sourcecode.c.objc; path = XFPictureItem.m; sourceTree = "<group>"; };
		40047B261DA54DA100BF31ED /* XFPictureResultsPresenter.h */ = {isa = PBXFileReference; fileEncoding = 4; lastKnownFileType = sourcecode.c.h; path = XFPictureResultsPresenter.h; sourceTree = "<group>"; };
		40047B271DA54DA100BF31ED /* XFPictureResultsPresenter.m */ = {isa = PBXFileReference; fileEncoding = 4; lastKnownFileType = sourcecode.c.objc; path = XFPictureResultsPresenter.m; sourceTree = "<group>"; };
		40047B291DA54DA100BF31ED /* XFPictureResultsActivity.h */ = {isa = PBXFileReference; fileEncoding = 4; lastKnownFileType = sourcecode.c.h; path = XFPictureResultsActivity.h; sourceTree = "<group>"; };
		40047B2A1DA54DA100BF31ED /* XFPictureResultsActivity.m */ = {isa = PBXFileReference; fileEncoding = 4; lastKnownFileType = sourcecode.c.objc; path = XFPictureResultsActivity.m; sourceTree = "<group>"; };
		40047B2B1DA54DA100BF31ED /* XFPictureTableViewCell.h */ = {isa = PBXFileReference; fileEncoding = 4; lastKnownFileType = sourcecode.c.h; path = XFPictureTableViewCell.h; sourceTree = "<group>"; };
		40047B2C1DA54DA100BF31ED /* XFPictureTableViewCell.m */ = {isa = PBXFileReference; fileEncoding = 4; lastKnownFileType = sourcecode.c.objc; path = XFPictureTableViewCell.m; sourceTree = "<group>"; };
		40047B2D1DA54DA100BF31ED /* XFPictureTableViewCell.xib */ = {isa = PBXFileReference; fileEncoding = 4; lastKnownFileType = file.xib; path = XFPictureTableViewCell.xib; sourceTree = "<group>"; };
		40047B2F1DA54DA100BF31ED /* XFPictureResultsRouting.h */ = {isa = PBXFileReference; fileEncoding = 4; lastKnownFileType = sourcecode.c.h; path = XFPictureResultsRouting.h; sourceTree = "<group>"; };
		40047B301DA54DA100BF31ED /* XFPictureResultsRouting.m */ = {isa = PBXFileReference; fileEncoding = 4; lastKnownFileType = sourcecode.c.objc; path = XFPictureResultsRouting.m; sourceTree = "<group>"; };
		401688EC1D755CCB00311CD2 /* UIView+XFLego.h */ = {isa = PBXFileReference; fileEncoding = 4; lastKnownFileType = sourcecode.c.h; path = "UIView+XFLego.h"; sourceTree = "<group>"; };
		401688ED1D755CCB00311CD2 /* UIView+XFLego.m */ = {isa = PBXFileReference; fileEncoding = 4; lastKnownFileType = sourcecode.c.objc; path = "UIView+XFLego.m"; sourceTree = "<group>"; };
		401688EE1D755CCB00311CD2 /* UIViewController+XFLego.h */ = {isa = PBXFileReference; fileEncoding = 4; lastKnownFileType = sourcecode.c.h; path = "UIViewController+XFLego.h"; sourceTree = "<group>"; };
		401688EF1D755CCB00311CD2 /* UIViewController+XFLego.m */ = {isa = PBXFileReference; fileEncoding = 4; lastKnownFileType = sourcecode.c.objc; path = "UIViewController+XFLego.m"; sourceTree = "<group>"; };
		401688F01D755CCB00311CD2 /* XFActivity.h */ = {isa = PBXFileReference; fileEncoding = 4; lastKnownFileType = sourcecode.c.h; path = XFActivity.h; sourceTree = "<group>"; };
		401688F11D755CCB00311CD2 /* XFActivity.m */ = {isa = PBXFileReference; fileEncoding = 4; lastKnownFileType = sourcecode.c.objc; path = XFActivity.m; sourceTree = "<group>"; };
		401688F21D755CCB00311CD2 /* XFDataManager.h */ = {isa = PBXFileReference; fileEncoding = 4; lastKnownFileType = sourcecode.c.h; path = XFDataManager.h; sourceTree = "<group>"; };
		401688F31D755CCB00311CD2 /* XFDataManager.m */ = {isa = PBXFileReference; fileEncoding = 4; lastKnownFileType = sourcecode.c.objc; path = XFDataManager.m; sourceTree = "<group>"; };
		401688F41D755CCB00311CD2 /* XFInteractor.h */ = {isa = PBXFileReference; fileEncoding = 4; lastKnownFileType = sourcecode.c.h; path = XFInteractor.h; sourceTree = "<group>"; };
		401688F51D755CCB00311CD2 /* XFInteractor.m */ = {isa = PBXFileReference; fileEncoding = 4; lastKnownFileType = sourcecode.c.objc; path = XFInteractor.m; sourceTree = "<group>"; };
		401688F61D755CCB00311CD2 /* XFLegoVIPER.h */ = {isa = PBXFileReference; fileEncoding = 4; lastKnownFileType = sourcecode.c.h; path = XFLegoVIPER.h; sourceTree = "<group>"; };
		401688F71D755CCB00311CD2 /* XFPresenter.h */ = {isa = PBXFileReference; fileEncoding = 4; lastKnownFileType = sourcecode.c.h; path = XFPresenter.h; sourceTree = "<group>"; };
		401688F81D755CCB00311CD2 /* XFPresenter.m */ = {isa = PBXFileReference; fileEncoding = 4; lastKnownFileType = sourcecode.c.objc; path = XFPresenter.m; sourceTree = "<group>"; };
		401688F91D755CCB00311CD2 /* XFRouting.h */ = {isa = PBXFileReference; fileEncoding = 4; lastKnownFileType = sourcecode.c.h; path = XFRouting.h; sourceTree = "<group>"; };
		401688FA1D755CCB00311CD2 /* XFRouting.m */ = {isa = PBXFileReference; fileEncoding = 4; lastKnownFileType = sourcecode.c.objc; path = XFRouting.m; sourceTree = "<group>"; };
		401EDE071DA255B100BB4741 /* XFDetailsPresenter.h */ = {isa = PBXFileReference; fileEncoding = 4; lastKnownFileType = sourcecode.c.h; path = XFDetailsPresenter.h; sourceTree = "<group>"; };
		401EDE081DA255B100BB4741 /* XFDetailsPresenter.m */ = {isa = PBXFileReference; fileEncoding = 4; lastKnownFileType = sourcecode.c.objc; path = XFDetailsPresenter.m; sourceTree = "<group>"; };
		401EDE0A1DA255B100BB4741 /* XFDetails.storyboard */ = {isa = PBXFileReference; fileEncoding = 4; lastKnownFileType = file.storyboard; path = XFDetails.storyboard; sourceTree = "<group>"; };
		401EDE0B1DA255B100BB4741 /* XFDetailsActivity.h */ = {isa = PBXFileReference; fileEncoding = 4; lastKnownFileType = sourcecode.c.h; path = XFDetailsActivity.h; sourceTree = "<group>"; };
		401EDE0C1DA255B100BB4741 /* XFDetailsActivity.m */ = {isa = PBXFileReference; fileEncoding = 4; lastKnownFileType = sourcecode.c.objc; path = XFDetailsActivity.m; sourceTree = "<group>"; };
		401EDE0D1DA255B100BB4741 /* XFDetailsActivity.xib */ = {isa = PBXFileReference; fileEncoding = 4; lastKnownFileType = file.xib; path = XFDetailsActivity.xib; sourceTree = "<group>"; };
		401EDE0F1DA255B100BB4741 /* XFDetailsRouting.h */ = {isa = PBXFileReference; fileEncoding = 4; lastKnownFileType = sourcecode.c.h; path = XFDetailsRouting.h; sourceTree = "<group>"; };
		401EDE101DA255B100BB4741 /* XFDetailsRouting.m */ = {isa = PBXFileReference; fileEncoding = 4; lastKnownFileType = sourcecode.c.objc; path = XFDetailsRouting.m; sourceTree = "<group>"; };
		4024C3E91CC48BB5000D8182 /* XFLegoVIPERExample.app */ = {isa = PBXFileReference; explicitFileType = wrapper.application; includeInIndex = 0; path = XFLegoVIPERExample.app; sourceTree = BUILT_PRODUCTS_DIR; };
		4024C3ED1CC48BB5000D8182 /* main.m */ = {isa = PBXFileReference; lastKnownFileType = sourcecode.c.objc; path = main.m; sourceTree = "<group>"; };
		4024C3EF1CC48BB5000D8182 /* AppDelegate.h */ = {isa = PBXFileReference; lastKnownFileType = sourcecode.c.h; path = AppDelegate.h; sourceTree = "<group>"; };
		4024C3F01CC48BB5000D8182 /* AppDelegate.m */ = {isa = PBXFileReference; lastKnownFileType = sourcecode.c.objc; path = AppDelegate.m; sourceTree = "<group>"; };
		4024C3F81CC48BB5000D8182 /* Assets.xcassets */ = {isa = PBXFileReference; lastKnownFileType = folder.assetcatalog; path = Assets.xcassets; sourceTree = "<group>"; };
		4024C3FB1CC48BB5000D8182 /* Base */ = {isa = PBXFileReference; lastKnownFileType = file.storyboard; name = Base; path = Base.lproj/LaunchScreen.storyboard; sourceTree = "<group>"; };
		4024C3FD1CC48BB5000D8182 /* Info.plist */ = {isa = PBXFileReference; lastKnownFileType = text.plist.xml; path = Info.plist; sourceTree = "<group>"; };
		4024C4021CC48BB5000D8182 /* XFLegoVIPERExampleTests.xctest */ = {isa = PBXFileReference; explicitFileType = wrapper.cfbundle; includeInIndex = 0; path = XFLegoVIPERExampleTests.xctest; sourceTree = BUILT_PRODUCTS_DIR; };
		4024C4061CC48BB5000D8182 /* XFLegoVIPERExampleTests.m */ = {isa = PBXFileReference; lastKnownFileType = sourcecode.c.objc; path = XFLegoVIPERExampleTests.m; sourceTree = "<group>"; };
		4024C4081CC48BB5000D8182 /* Info.plist */ = {isa = PBXFileReference; lastKnownFileType = text.plist.xml; path = Info.plist; sourceTree = "<group>"; };
		4024C40D1CC48BB5000D8182 /* XFLegoVIPERExampleUITests.xctest */ = {isa = PBXFileReference; explicitFileType = wrapper.cfbundle; includeInIndex = 0; path = XFLegoVIPERExampleUITests.xctest; sourceTree = BUILT_PRODUCTS_DIR; };
		4024C4111CC48BB5000D8182 /* XFLegoVIPERExampleUITests.m */ = {isa = PBXFileReference; lastKnownFileType = sourcecode.c.objc; path = XFLegoVIPERExampleUITests.m; sourceTree = "<group>"; };
		4024C4131CC48BB5000D8182 /* Info.plist */ = {isa = PBXFileReference; lastKnownFileType = text.plist.xml; path = Info.plist; sourceTree = "<group>"; };
		4024C4221CC48CF1000D8182 /* XFEventHandlerPort.h */ = {isa = PBXFileReference; fileEncoding = 4; lastKnownFileType = sourcecode.c.h; path = XFEventHandlerPort.h; sourceTree = "<group>"; };
		4024C4231CC48CF1000D8182 /* XFInteractorPort.h */ = {isa = PBXFileReference; fileEncoding = 4; lastKnownFileType = sourcecode.c.h; path = XFInteractorPort.h; sourceTree = "<group>"; };
		4024C4241CC48CF1000D8182 /* XFUIOperatorPort.h */ = {isa = PBXFileReference; fileEncoding = 4; lastKnownFileType = sourcecode.c.h; path = XFUIOperatorPort.h; sourceTree = "<group>"; };
		4024C4251CC48CF1000D8182 /* XFUserInterfacePort.h */ = {isa = PBXFileReference; fileEncoding = 4; lastKnownFileType = sourcecode.c.h; path = XFUserInterfacePort.h; sourceTree = "<group>"; };
		4024C4261CC48CF1000D8182 /* XFWireFramePort.h */ = {isa = PBXFileReference; fileEncoding = 4; lastKnownFileType = sourcecode.c.h; path = XFWireFramePort.h; sourceTree = "<group>"; };
		4024C4851CC4E607000D8182 /* XFRACHttpTool.h */ = {isa = PBXFileReference; fileEncoding = 4; lastKnownFileType = sourcecode.c.h; path = XFRACHttpTool.h; sourceTree = "<group>"; };
		4024C4861CC4E607000D8182 /* XFRACHttpTool.m */ = {isa = PBXFileReference; fileEncoding = 4; lastKnownFileType = sourcecode.c.objc; path = XFRACHttpTool.m; sourceTree = "<group>"; };
		4024C4891CC4EB9F000D8182 /* XFUITool.h */ = {isa = PBXFileReference; fileEncoding = 4; lastKnownFileType = sourcecode.c.h; path = XFUITool.h; sourceTree = "<group>"; };
		4024C48A1CC4EB9F000D8182 /* XFUITool.m */ = {isa = PBXFileReference; fileEncoding = 4; lastKnownFileType = sourcecode.c.objc; path = XFUITool.m; sourceTree = "<group>"; };
		403B42391DAA450600F70CD3 /* XFPageControlRouting.h */ = {isa = PBXFileReference; fileEncoding = 4; lastKnownFileType = sourcecode.c.h; path = XFPageControlRouting.h; sourceTree = "<group>"; };
		403B423A1DAA450600F70CD3 /* XFPageControlRouting.m */ = {isa = PBXFileReference; fileEncoding = 4; lastKnownFileType = sourcecode.c.objc; path = XFPageControlRouting.m; sourceTree = "<group>"; };
		40435B191D71C0B400E6A87C /* NSArray+HOM.h */ = {isa = PBXFileReference; fileEncoding = 4; lastKnownFileType = sourcecode.c.h; path = "NSArray+HOM.h"; sourceTree = "<group>"; };
		40435B1A1D71C0B400E6A87C /* NSArray+HOM.m */ = {isa = PBXFileReference; fileEncoding = 4; lastKnownFileType = sourcecode.c.objc; path = "NSArray+HOM.m"; sourceTree = "<group>"; };
		40435B201D71D8C600E6A87C /* CETableViewBindingHelper.h */ = {isa = PBXFileReference; fileEncoding = 4; lastKnownFileType = sourcecode.c.h; path = CETableViewBindingHelper.h; sourceTree = "<group>"; };
		40435B211D71D8C600E6A87C /* CETableViewBindingHelper.m */ = {isa = PBXFileReference; fileEncoding = 4; lastKnownFileType = sourcecode.c.objc; path = CETableViewBindingHelper.m; sourceTree = "<group>"; };
		40435B231D71D8F400E6A87C /* CEReactiveView.h */ = {isa = PBXFileReference; fileEncoding = 4; lastKnownFileType = sourcecode.c.h; path = CEReactiveView.h; sourceTree = "<group>"; };
		40435B431D728FD100E6A87C /* XFLegoMarco.h */ = {isa = PBXFileReference; fileEncoding = 4; lastKnownFileType = sourcecode.c.h; path = XFLegoMarco.h; sourceTree = "<group>"; };
		40435B4D1D72909200E6A87C /* NSObject+XFLegoInvokeMethod.h */ = {isa = PBXFileReference; fileEncoding = 4; lastKnownFileType = sourcecode.c.h; path = "NSObject+XFLegoInvokeMethod.h"; sourceTree = "<group>"; };
		40435B4E1D72909200E6A87C /* NSObject+XFLegoInvokeMethod.m */ = {isa = PBXFileReference; fileEncoding = 4; lastKnownFileType = sourcecode.c.objc; path = "NSObject+XFLegoInvokeMethod.m"; sourceTree = "<group>"; };
		40AA5E271DAB3A6600DC71D0 /* PageControl.storyboard */ = {isa = PBXFileReference; fileEncoding = 4; lastKnownFileType = file.storyboard; path = PageControl.storyboard; sourceTree = "<group>"; };
		40AA5E291DAB3C2600DC71D0 /* XFPageControlActivity.h */ = {isa = PBXFileReference; fileEncoding = 4; lastKnownFileType = sourcecode.c.h; path = XFPageControlActivity.h; sourceTree = "<group>"; };
		40AA5E2A1DAB3C2600DC71D0 /* XFPageControlActivity.m */ = {isa = PBXFileReference; fileEncoding = 4; lastKnownFileType = sourcecode.c.objc; path = XFPageControlActivity.m; sourceTree = "<group>"; };
		40AA5E2C1DAB3DF100DC71D0 /* XFPageControlPresenter.h */ = {isa = PBXFileReference; fileEncoding = 4; lastKnownFileType = sourcecode.c.h; path = XFPageControlPresenter.h; sourceTree = "<group>"; };
		40AA5E2D1DAB3DF100DC71D0 /* XFPageControlPresenter.m */ = {isa = PBXFileReference; fileEncoding = 4; lastKnownFileType = sourcecode.c.objc; path = XFPageControlPresenter.m; sourceTree = "<group>"; };
		40AA5E2F1DAB3EAB00DC71D0 /* XFMovieActivity.h */ = {isa = PBXFileReference; fileEncoding = 4; lastKnownFileType = sourcecode.c.h; path = XFMovieActivity.h; sourceTree = "<group>"; };
		40AA5E301DAB3EAB00DC71D0 /* XFMovieActivity.m */ = {isa = PBXFileReference; fileEncoding = 4; lastKnownFileType = sourcecode.c.objc; path = XFMovieActivity.m; sourceTree = "<group>"; };
		40AA5E321DAB3EC800DC71D0 /* XFMusicActivity.h */ = {isa = PBXFileReference; fileEncoding = 4; lastKnownFileType = sourcecode.c.h; path = XFMusicActivity.h; sourceTree = "<group>"; };
		40AA5E331DAB3EC800DC71D0 /* XFMusicActivity.m */ = {isa = PBXFileReference; fileEncoding = 4; lastKnownFileType = sourcecode.c.objc; path = XFMusicActivity.m; sourceTree = "<group>"; };
		40AA5E351DAB3EDA00DC71D0 /* XFBookActivity.h */ = {isa = PBXFileReference; fileEncoding = 4; lastKnownFileType = sourcecode.c.h; path = XFBookActivity.h; sourceTree = "<group>"; };
		40AA5E361DAB3EDA00DC71D0 /* XFBookActivity.m */ = {isa = PBXFileReference; fileEncoding = 4; lastKnownFileType = sourcecode.c.objc; path = XFBookActivity.m; sourceTree = "<group>"; };
		40AA5E381DAB3F6B00DC71D0 /* XFMoviePresenter.h */ = {isa = PBXFileReference; fileEncoding = 4; lastKnownFileType = sourcecode.c.h; path = XFMoviePresenter.h; sourceTree = "<group>"; };
		40AA5E391DAB3F6B00DC71D0 /* XFMoviePresenter.m */ = {isa = PBXFileReference; fileEncoding = 4; lastKnownFileType = sourcecode.c.objc; path = XFMoviePresenter.m; sourceTree = "<group>"; };
		40AA5E3B1DAB3F7E00DC71D0 /* XFMusicPresenter.h */ = {isa = PBXFileReference; fileEncoding = 4; lastKnownFileType = sourcecode.c.h; path = XFMusicPresenter.h; sourceTree = "<group>"; };
		40AA5E3C1DAB3F7E00DC71D0 /* XFMusicPresenter.m */ = {isa = PBXFileReference; fileEncoding = 4; lastKnownFileType = sourcecode.c.objc; path = XFMusicPresenter.m; sourceTree = "<group>"; };
		40AA5E3E1DAB3F8F00DC71D0 /* XFBookPresenter.h */ = {isa = PBXFileReference; fileEncoding = 4; lastKnownFileType = sourcecode.c.h; path = XFBookPresenter.h; sourceTree = "<group>"; };
		40AA5E3F1DAB3F8F00DC71D0 /* XFBookPresenter.m */ = {isa = PBXFileReference; fileEncoding = 4; lastKnownFileType = sourcecode.c.objc; path = XFBookPresenter.m; sourceTree = "<group>"; };
		40AA5E411DAB3FAA00DC71D0 /* XFMovieRouting.h */ = {isa = PBXFileReference; fileEncoding = 4; lastKnownFileType = sourcecode.c.h; path = XFMovieRouting.h; sourceTree = "<group>"; };
		40AA5E421DAB3FAA00DC71D0 /* XFMovieRouting.m */ = {isa = PBXFileReference; fileEncoding = 4; lastKnownFileType = sourcecode.c.objc; path = XFMovieRouting.m; sourceTree = "<group>"; };
		40AA5E441DAB405400DC71D0 /* XFMusicRouting.h */ = {isa = PBXFileReference; fileEncoding = 4; lastKnownFileType = sourcecode.c.h; path = XFMusicRouting.h; sourceTree = "<group>"; };
		40AA5E451DAB405400DC71D0 /* XFMusicRouting.m */ = {isa = PBXFileReference; fileEncoding = 4; lastKnownFileType = sourcecode.c.objc; path = XFMusicRouting.m; sourceTree = "<group>"; };
		40AA5E471DAB40E300DC71D0 /* XFBookRouting.h */ = {isa = PBXFileReference; fileEncoding = 4; lastKnownFileType = sourcecode.c.h; path = XFBookRouting.h; sourceTree = "<group>"; };
		40AA5E481DAB40E300DC71D0 /* XFBookRouting.m */ = {isa = PBXFileReference; fileEncoding = 4; lastKnownFileType = sourcecode.c.objc; path = XFBookRouting.m; sourceTree = "<group>"; };
		40B2059B1D79209400A79925 /* XFRoutingLinkManager.h */ = {isa = PBXFileReference; fileEncoding = 4; lastKnownFileType = sourcecode.c.h; path = XFRoutingLinkManager.h; sourceTree = "<group>"; };
		40B2059C1D79209400A79925 /* XFRoutingLinkManager.m */ = {isa = PBXFileReference; fileEncoding = 4; lastKnownFileType = sourcecode.c.objc; path = XFRoutingLinkManager.m; sourceTree = "<group>"; };
		40B54B901DAFE63000EA98F7 /* XFPageControlUserInterfacePort.h */ = {isa = PBXFileReference; fileEncoding = 4; lastKnownFileType = sourcecode.c.h; path = XFPageControlUserInterfacePort.h; sourceTree = "<group>"; };
		40BBE9201D9ECD18005B45C4 /* XFPictureDataManager.h */ = {isa = PBXFileReference; fileEncoding = 4; lastKnownFileType = sourcecode.c.h; path = XFPictureDataManager.h; sourceTree = "<group>"; };
		40BBE9211D9ECD18005B45C4 /* XFPictureDataManager.m */ = {isa = PBXFileReference; fileEncoding = 4; lastKnownFileType = sourcecode.c.objc; path = XFPictureDataManager.m; sourceTree = "<group>"; };
		40BBE9231D9ECD18005B45C4 /* XFSearchInteractor.h */ = {isa = PBXFileReference; fileEncoding = 4; lastKnownFileType = sourcecode.c.h; path = XFSearchInteractor.h; sourceTree = "<group>"; };
		40BBE9241D9ECD18005B45C4 /* XFSearchInteractor.m */ = {isa = PBXFileReference; fileEncoding = 4; lastKnownFileType = sourcecode.c.objc; path = XFSearchInteractor.m; sourceTree = "<group>"; };
		40BBE9261D9ECD18005B45C4 /* XFPictureListModel.h */ = {isa = PBXFileReference; fileEncoding = 4; lastKnownFileType = sourcecode.c.h; path = XFPictureListModel.h; sourceTree = "<group>"; };
		40BBE9271D9ECD18005B45C4 /* XFPictureListModel.m */ = {isa = PBXFileReference; fileEncoding = 4; lastKnownFileType = sourcecode.c.objc; path = XFPictureListModel.m; sourceTree = "<group>"; };
		40BBE9281D9ECD18005B45C4 /* XFPictureModel.h */ = {isa = PBXFileReference; fileEncoding = 4; lastKnownFileType = sourcecode.c.h; path = XFPictureModel.h; sourceTree = "<group>"; };
		40BBE9291D9ECD18005B45C4 /* XFPictureModel.m */ = {isa = PBXFileReference; fileEncoding = 4; lastKnownFileType = sourcecode.c.objc; path = XFPictureModel.m; sourceTree = "<group>"; };
		40BBE92D1D9ECD18005B45C4 /* XFPictureService.h */ = {isa = PBXFileReference; fileEncoding = 4; lastKnownFileType = sourcecode.c.h; path = XFPictureService.h; sourceTree = "<group>"; };
		40BBE92E1D9ECD18005B45C4 /* XFPictureService.m */ = {isa = PBXFileReference; fileEncoding = 4; lastKnownFileType = sourcecode.c.objc; path = XFPictureService.m; sourceTree = "<group>"; };
		40BBE9301D9ECD18005B45C4 /* XFSearchEventHandlerPort.h */ = {isa = PBXFileReference; fileEncoding = 4; lastKnownFileType = sourcecode.c.h; path = XFSearchEventHandlerPort.h; sourceTree = "<group>"; };
		40BBE9311D9ECD18005B45C4 /* XFSearchInteractorPort.h */ = {isa = PBXFileReference; fileEncoding = 4; lastKnownFileType = sourcecode.c.h; path = XFSearchInteractorPort.h; sourceTree = "<group>"; };
		40BBE9321D9ECD18005B45C4 /* XFSearchWireFramePort.h */ = {isa = PBXFileReference; fileEncoding = 4; lastKnownFileType = sourcecode.c.h; path = XFSearchWireFramePort.h; sourceTree = "<group>"; };
		40BBE9361D9ECD18005B45C4 /* XFSearchPresenter.h */ = {isa = PBXFileReference; fileEncoding = 4; lastKnownFileType = sourcecode.c.h; path = XFSearchPresenter.h; sourceTree = "<group>"; };
		40BBE9371D9ECD18005B45C4 /* XFSearchPresenter.m */ = {isa = PBXFileReference; fileEncoding = 4; lastKnownFileType = sourcecode.c.objc; path = XFSearchPresenter.m; sourceTree = "<group>"; };
		40BBE9391D9ECD18005B45C4 /* XFSearchActivity.h */ = {isa = PBXFileReference; fileEncoding = 4; lastKnownFileType = sourcecode.c.h; path = XFSearchActivity.h; sourceTree = "<group>"; };
		40BBE93A1D9ECD18005B45C4 /* XFSearchActivity.m */ = {isa = PBXFileReference; fileEncoding = 4; lastKnownFileType = sourcecode.c.objc; path = XFSearchActivity.m; sourceTree = "<group>"; };
		40BBE93B1D9ECD18005B45C4 /* XFSearchActivity.xib */ = {isa = PBXFileReference; fileEncoding = 4; lastKnownFileType = file.xib; path = XFSearchActivity.xib; sourceTree = "<group>"; };
		40BBE93D1D9ECD18005B45C4 /* XFSearchRouting.h */ = {isa = PBXFileReference; fileEncoding = 4; lastKnownFileType = sourcecode.c.h; path = XFSearchRouting.h; sourceTree = "<group>"; };
		40BBE93E1D9ECD18005B45C4 /* XFSearchRouting.m */ = {isa = PBXFileReference; fileEncoding = 4; lastKnownFileType = sourcecode.c.objc; path = XFSearchRouting.m; sourceTree = "<group>"; };
		40F042691D6D8EE7008FCD43 /* XFDataManagerPort.h */ = {isa = PBXFileReference; lastKnownFileType = sourcecode.c.h; path = XFDataManagerPort.h; sourceTree = "<group>"; };
		8D4E773821678ACAAE259056 /* Pods-XFLegoVIPERExample.release.xcconfig */ = {isa = PBXFileReference; includeInIndex = 1; lastKnownFileType = text.xcconfig; name = "Pods-XFLegoVIPERExample.release.xcconfig"; path = "Pods/Target Support Files/Pods-XFLegoVIPERExample/Pods-XFLegoVIPERExample.release.xcconfig"; sourceTree = "<group>"; };
/* End PBXFileReference section */

/* Begin PBXFrameworksBuildPhase section */
		4024C3E61CC48BB5000D8182 /* Frameworks */ = {
			isa = PBXFrameworksBuildPhase;
			buildActionMask = 2147483647;
			files = (
				0491CE523D1A66BF554051F0 /* libPods-XFLegoVIPERExample.a in Frameworks */,
			);
			runOnlyForDeploymentPostprocessing = 0;
		};
		4024C3FF1CC48BB5000D8182 /* Frameworks */ = {
			isa = PBXFrameworksBuildPhase;
			buildActionMask = 2147483647;
			files = (
			);
			runOnlyForDeploymentPostprocessing = 0;
		};
		4024C40A1CC48BB5000D8182 /* Frameworks */ = {
			isa = PBXFrameworksBuildPhase;
			buildActionMask = 2147483647;
			files = (
			);
			runOnlyForDeploymentPostprocessing = 0;
		};
/* End PBXFrameworksBuildPhase section */

/* Begin PBXGroup section */
		18DE182361270735D08B55C8 /* Frameworks */ = {
			isa = PBXGroup;
			children = (
				03E9152FD23584F0674B0301 /* libPods-XFLegoVIPERExample.a */,
			);
			name = Frameworks;
			sourceTree = "<group>";
		};
		40047AE11DA25F3800BF31ED /* Moudle Interface */ = {
			isa = PBXGroup;
			children = (
				40047AE21DA25F7F00BF31ED /* XFSubControlWrieframePort.h */,
				40047B0B1DA3617C00BF31ED /* XFSubContol2WireframePort.h */,
				40047AEE1DA26D2000BF31ED /* XFSubControlEventHandlerPort.h */,
				40047B0A1DA35B7C00BF31ED /* XFSubControl2EventHandlerPort.h */,
			);
			path = "Moudle Interface";
			sourceTree = "<group>";
		};
		40047B0F1DA54DA100BF31ED /* PictureResults */ = {
			isa = PBXGroup;
			children = (
				40047B101DA54DA100BF31ED /* Application Logic */,
				40047B1B1DA54DA100BF31ED /* Module Interface */,
				40047B1F1DA54DA100BF31ED /* User Interface */,
			);
			path = PictureResults;
			sourceTree = "<group>";
		};
		40047B101DA54DA100BF31ED /* Application Logic */ = {
			isa = PBXGroup;
			children = (
				40047B111DA54DA100BF31ED /* DataManager */,
				40047B121DA54DA100BF31ED /* Interactor */,
				40047B151DA54DA100BF31ED /* Provider */,
				40047B181DA54DA100BF31ED /* Services */,
			);
			path = "Application Logic";
			sourceTree = "<group>";
		};
		40047B111DA54DA100BF31ED /* DataManager */ = {
			isa = PBXGroup;
			children = (
			);
			path = DataManager;
			sourceTree = "<group>";
		};
		40047B121DA54DA100BF31ED /* Interactor */ = {
			isa = PBXGroup;
			children = (
				40047B131DA54DA100BF31ED /* XFPictureResultsInteractor.h */,
				40047B141DA54DA100BF31ED /* XFPictureResultsInteractor.m */,
			);
			path = Interactor;
			sourceTree = "<group>";
		};
		40047B151DA54DA100BF31ED /* Provider */ = {
			isa = PBXGroup;
			children = (
				40047B161DA54DA100BF31ED /* XFPictureProvider.h */,
				40047B171DA54DA100BF31ED /* XFPictureProvider.m */,
			);
			path = Provider;
			sourceTree = "<group>";
		};
		40047B181DA54DA100BF31ED /* Services */ = {
			isa = PBXGroup;
			children = (
				40047B191DA54DA100BF31ED /* Local */,
				40047B1A1DA54DA100BF31ED /* Remote */,
			);
			path = Services;
			sourceTree = "<group>";
		};
		40047B191DA54DA100BF31ED /* Local */ = {
			isa = PBXGroup;
			children = (
			);
			path = Local;
			sourceTree = "<group>";
		};
		40047B1A1DA54DA100BF31ED /* Remote */ = {
			isa = PBXGroup;
			children = (
			);
			path = Remote;
			sourceTree = "<group>";
		};
		40047B1B1DA54DA100BF31ED /* Module Interface */ = {
			isa = PBXGroup;
			children = (
				40047B1C1DA54DA100BF31ED /* XFPictureResultsEventHandlerPort.h */,
				40047B1D1DA54DA100BF31ED /* XFPictureResultsInteractorPort.h */,
				40047B1E1DA54DA100BF31ED /* XFPictureResultWireframePort.h */,
			);
			path = "Module Interface";
			sourceTree = "<group>";
		};
		40047B1F1DA54DA100BF31ED /* User Interface */ = {
			isa = PBXGroup;
			children = (
				40047B201DA54DA100BF31ED /* ExpressData */,
				40047B251DA54DA100BF31ED /* Presenter */,
				40047B281DA54DA100BF31ED /* View */,
				40047B2E1DA54DA100BF31ED /* WireFrame */,
			);
			path = "User Interface";
			sourceTree = "<group>";
		};
		40047B201DA54DA100BF31ED /* ExpressData */ = {
			isa = PBXGroup;
			children = (
				40047B211DA54DA100BF31ED /* XFPictureExpressData.h */,
				40047B221DA54DA100BF31ED /* XFPictureExpressData.m */,
				40047B231DA54DA100BF31ED /* XFPictureItem.h */,
				40047B241DA54DA100BF31ED /* XFPictureItem.m */,
			);
			path = ExpressData;
			sourceTree = "<group>";
		};
		40047B251DA54DA100BF31ED /* Presenter */ = {
			isa = PBXGroup;
			children = (
				40047B261DA54DA100BF31ED /* XFPictureResultsPresenter.h */,
				40047B271DA54DA100BF31ED /* XFPictureResultsPresenter.m */,
			);
			path = Presenter;
			sourceTree = "<group>";
		};
		40047B281DA54DA100BF31ED /* View */ = {
			isa = PBXGroup;
			children = (
				40047B291DA54DA100BF31ED /* XFPictureResultsActivity.h */,
				40047B2A1DA54DA100BF31ED /* XFPictureResultsActivity.m */,
				40047B2B1DA54DA100BF31ED /* XFPictureTableViewCell.h */,
				40047B2C1DA54DA100BF31ED /* XFPictureTableViewCell.m */,
				40047B2D1DA54DA100BF31ED /* XFPictureTableViewCell.xib */,
			);
			path = View;
			sourceTree = "<group>";
		};
		40047B2E1DA54DA100BF31ED /* WireFrame */ = {
			isa = PBXGroup;
			children = (
				40047B2F1DA54DA100BF31ED /* XFPictureResultsRouting.h */,
				40047B301DA54DA100BF31ED /* XFPictureResultsRouting.m */,
			);
			path = WireFrame;
			sourceTree = "<group>";
		};
		401688EB1D755CCB00311CD2 /* Core */ = {
			isa = PBXGroup;
			children = (
				401688EC1D755CCB00311CD2 /* UIView+XFLego.h */,
				401688ED1D755CCB00311CD2 /* UIView+XFLego.m */,
				401688EE1D755CCB00311CD2 /* UIViewController+XFLego.h */,
				401688EF1D755CCB00311CD2 /* UIViewController+XFLego.m */,
				401688F01D755CCB00311CD2 /* XFActivity.h */,
				401688F11D755CCB00311CD2 /* XFActivity.m */,
				401688F71D755CCB00311CD2 /* XFPresenter.h */,
				401688F81D755CCB00311CD2 /* XFPresenter.m */,
				401688F41D755CCB00311CD2 /* XFInteractor.h */,
				401688F51D755CCB00311CD2 /* XFInteractor.m */,
				401688F21D755CCB00311CD2 /* XFDataManager.h */,
				401688F31D755CCB00311CD2 /* XFDataManager.m */,
				401688F91D755CCB00311CD2 /* XFRouting.h */,
				401688FA1D755CCB00311CD2 /* XFRouting.m */,
				401688F61D755CCB00311CD2 /* XFLegoVIPER.h */,
			);
			path = Core;
			sourceTree = "<group>";
		};
		401EDDFC1DA255B100BB4741 /* Example */ = {
			isa = PBXGroup;
			children = (
				401EDDFD1DA255B100BB4741 /* ControllerLayer */,
				401EDE031DA255B100BB4741 /* Details */,
			);
			path = Example;
			sourceTree = "<group>";
		};
		401EDDFD1DA255B100BB4741 /* ControllerLayer */ = {
			isa = PBXGroup;
			children = (
				403B42331DAA44DE00F70CD3 /* PageControl */,
				401EDDFE1DA255B100BB4741 /* SubControl */,
			);
			path = ControllerLayer;
			sourceTree = "<group>";
		};
		401EDDFE1DA255B100BB4741 /* SubControl */ = {
			isa = PBXGroup;
			children = (
				40047AE11DA25F3800BF31ED /* Moudle Interface */,
				401EDDFF1DA255B100BB4741 /* User Interface */,
			);
			path = SubControl;
			sourceTree = "<group>";
		};
		401EDDFF1DA255B100BB4741 /* User Interface */ = {
			isa = PBXGroup;
			children = (
				401EDE001DA255B100BB4741 /* Presenter */,
				401EDE011DA255B100BB4741 /* View */,
				401EDE021DA255B100BB4741 /* WireFrame */,
			);
			path = "User Interface";
			sourceTree = "<group>";
		};
		401EDE001DA255B100BB4741 /* Presenter */ = {
			isa = PBXGroup;
			children = (
				40047ADB1DA25CF100BF31ED /* XFSubControlPresenter.h */,
				40047ADC1DA25CF100BF31ED /* XFSubControlPresenter.m */,
				40047B071DA35AA100BF31ED /* XFSubControl2Presenter.h */,
				40047B081DA35AA100BF31ED /* XFSubControl2Presenter.m */,
				40047AEB1DA2693A00BF31ED /* XFCollectPresenter.h */,
				40047AEC1DA2693A00BF31ED /* XFCollectPresenter.m */,
				40047AF91DA27B8E00BF31ED /* XFWorksPresenter.h */,
				40047AFA1DA27B8E00BF31ED /* XFWorksPresenter.m */,
			);
			path = Presenter;
			sourceTree = "<group>";
		};
		401EDE011DA255B100BB4741 /* View */ = {
			isa = PBXGroup;
			children = (
				40047AD31DA25A2900BF31ED /* XFSubControlActivity.h */,
				40047AD41DA25A2900BF31ED /* XFSubControlActivity.m */,
				40047AD51DA25A2900BF31ED /* XFSubControlActivity.xib */,
				40047AFF1DA3596000BF31ED /* XFSubControl2Activity.h */,
				40047B001DA3596000BF31ED /* XFSubControl2Activity.m */,
				40047B011DA3596000BF31ED /* XFSubControl2Activity.xib */,
				40047AE31DA267D500BF31ED /* XFCollectActivity.h */,
				40047AE41DA267D500BF31ED /* XFCollectActivity.m */,
				40047AE51DA267D500BF31ED /* XFCollectActivity.xib */,
				40047AF41DA27B3500BF31ED /* XFWorksActivity.h */,
				40047AF51DA27B3500BF31ED /* XFWorksActivity.m */,
				40047AF61DA27B3500BF31ED /* XFWorksActivity.xib */,
			);
			path = View;
			sourceTree = "<group>";
		};
		401EDE021DA255B100BB4741 /* WireFrame */ = {
			isa = PBXGroup;
			children = (
				40047AD81DA25CCA00BF31ED /* XFSubControlRouting.h */,
				40047AD91DA25CCA00BF31ED /* XFSubControlRouting.m */,
				40047B041DA35A4200BF31ED /* XFSubControl2Routing.h */,
				40047B051DA35A4200BF31ED /* XFSubControl2Routing.m */,
				40047AE81DA2691200BF31ED /* XFCollectRouting.h */,
				40047AE91DA2691200BF31ED /* XFCollectRouting.m */,
				40047AFC1DA27BA800BF31ED /* XFWorksRouting.h */,
				40047AFD1DA27BA800BF31ED /* XFWorksRouting.m */,
			);
			path = WireFrame;
			sourceTree = "<group>";
		};
		401EDE031DA255B100BB4741 /* Details */ = {
			isa = PBXGroup;
			children = (
				401EDE041DA255B100BB4741 /* User Interface */,
			);
			path = Details;
			sourceTree = "<group>";
		};
		401EDE041DA255B100BB4741 /* User Interface */ = {
			isa = PBXGroup;
			children = (
				401EDE051DA255B100BB4741 /* ExpressData */,
				401EDE061DA255B100BB4741 /* Presenter */,
				401EDE091DA255B100BB4741 /* View */,
				401EDE0E1DA255B100BB4741 /* WireFrame */,
			);
			path = "User Interface";
			sourceTree = "<group>";
		};
		401EDE051DA255B100BB4741 /* ExpressData */ = {
			isa = PBXGroup;
			children = (
			);
			path = ExpressData;
			sourceTree = "<group>";
		};
		401EDE061DA255B100BB4741 /* Presenter */ = {
			isa = PBXGroup;
			children = (
				401EDE071DA255B100BB4741 /* XFDetailsPresenter.h */,
				401EDE081DA255B100BB4741 /* XFDetailsPresenter.m */,
			);
			path = Presenter;
			sourceTree = "<group>";
		};
		401EDE091DA255B100BB4741 /* View */ = {
			isa = PBXGroup;
			children = (
				401EDE0A1DA255B100BB4741 /* XFDetails.storyboard */,
				401EDE0B1DA255B100BB4741 /* XFDetailsActivity.h */,
				401EDE0C1DA255B100BB4741 /* XFDetailsActivity.m */,
				401EDE0D1DA255B100BB4741 /* XFDetailsActivity.xib */,
			);
			path = View;
			sourceTree = "<group>";
		};
		401EDE0E1DA255B100BB4741 /* WireFrame */ = {
			isa = PBXGroup;
			children = (
				401EDE0F1DA255B100BB4741 /* XFDetailsRouting.h */,
				401EDE101DA255B100BB4741 /* XFDetailsRouting.m */,
			);
			path = WireFrame;
			sourceTree = "<group>";
		};
		4024C3E01CC48BB5000D8182 = {
			isa = PBXGroup;
			children = (
				4024C41F1CC48CF1000D8182 /* XFLegoVIPER */,
				4024C3EB1CC48BB5000D8182 /* XFLegoVIPERExample */,
				4024C4051CC48BB5000D8182 /* XFLegoVIPERExampleTests */,
				4024C4101CC48BB5000D8182 /* XFLegoVIPERExampleUITests */,
				4024C3EA1CC48BB5000D8182 /* Products */,
				6A413542C103908908D16EFC /* Pods */,
				18DE182361270735D08B55C8 /* Frameworks */,
			);
			sourceTree = "<group>";
		};
		4024C3EA1CC48BB5000D8182 /* Products */ = {
			isa = PBXGroup;
			children = (
				4024C3E91CC48BB5000D8182 /* XFLegoVIPERExample.app */,
				4024C4021CC48BB5000D8182 /* XFLegoVIPERExampleTests.xctest */,
				4024C40D1CC48BB5000D8182 /* XFLegoVIPERExampleUITests.xctest */,
			);
			name = Products;
			sourceTree = "<group>";
		};
		4024C3EB1CC48BB5000D8182 /* XFLegoVIPERExample */ = {
			isa = PBXGroup;
			children = (
				40435A2C1D6FF2D500E6A87C /* VIPER */,
				4024C4841CC4E5D5000D8182 /* Utils */,
				4024C3EF1CC48BB5000D8182 /* AppDelegate.h */,
				4024C3F01CC48BB5000D8182 /* AppDelegate.m */,
				4024C3F81CC48BB5000D8182 /* Assets.xcassets */,
				4024C3FA1CC48BB5000D8182 /* LaunchScreen.storyboard */,
				4024C3FD1CC48BB5000D8182 /* Info.plist */,
				4024C3EC1CC48BB5000D8182 /* Supporting Files */,
			);
			path = XFLegoVIPERExample;
			sourceTree = "<group>";
		};
		4024C3EC1CC48BB5000D8182 /* Supporting Files */ = {
			isa = PBXGroup;
			children = (
				4024C3ED1CC48BB5000D8182 /* main.m */,
			);
			name = "Supporting Files";
			sourceTree = "<group>";
		};
		4024C4051CC48BB5000D8182 /* XFLegoVIPERExampleTests */ = {
			isa = PBXGroup;
			children = (
				4024C4061CC48BB5000D8182 /* XFLegoVIPERExampleTests.m */,
				4024C4081CC48BB5000D8182 /* Info.plist */,
			);
			path = XFLegoVIPERExampleTests;
			sourceTree = "<group>";
		};
		4024C4101CC48BB5000D8182 /* XFLegoVIPERExampleUITests */ = {
			isa = PBXGroup;
			children = (
				4024C4111CC48BB5000D8182 /* XFLegoVIPERExampleUITests.m */,
				4024C4131CC48BB5000D8182 /* Info.plist */,
			);
			path = XFLegoVIPERExampleUITests;
			sourceTree = "<group>";
		};
		4024C41F1CC48CF1000D8182 /* XFLegoVIPER */ = {
			isa = PBXGroup;
			children = (
				401688EB1D755CCB00311CD2 /* Core */,
				4024C4201CC48CF1000D8182 /* Protocols */,
				40435B401D728FD100E6A87C /* Util */,
			);
			name = XFLegoVIPER;
			path = ../XFLegoVIPER;
			sourceTree = "<group>";
		};
		4024C4201CC48CF1000D8182 /* Protocols */ = {
			isa = PBXGroup;
			children = (
				4024C4221CC48CF1000D8182 /* XFEventHandlerPort.h */,
				4024C4231CC48CF1000D8182 /* XFInteractorPort.h */,
				4024C4241CC48CF1000D8182 /* XFUIOperatorPort.h */,
				4024C4251CC48CF1000D8182 /* XFUserInterfacePort.h */,
				4024C4261CC48CF1000D8182 /* XFWireFramePort.h */,
				40F042691D6D8EE7008FCD43 /* XFDataManagerPort.h */,
			);
			path = Protocols;
			sourceTree = "<group>";
		};
		4024C4841CC4E5D5000D8182 /* Utils */ = {
			isa = PBXGroup;
			children = (
				40435B231D71D8F400E6A87C /* CEReactiveView.h */,
				40435B201D71D8C600E6A87C /* CETableViewBindingHelper.h */,
				40435B211D71D8C600E6A87C /* CETableViewBindingHelper.m */,
				40435B191D71C0B400E6A87C /* NSArray+HOM.h */,
				40435B1A1D71C0B400E6A87C /* NSArray+HOM.m */,
				4024C4891CC4EB9F000D8182 /* XFUITool.h */,
				4024C48A1CC4EB9F000D8182 /* XFUITool.m */,
				4024C4851CC4E607000D8182 /* XFRACHttpTool.h */,
				4024C4861CC4E607000D8182 /* XFRACHttpTool.m */,
			);
			path = Utils;
			sourceTree = "<group>";
		};
		403B42331DAA44DE00F70CD3 /* PageControl */ = {
			isa = PBXGroup;
			children = (
				403B42341DAA44DE00F70CD3 /* Moudle Interface */,
				403B42351DAA44DE00F70CD3 /* User Interface */,
			);
			path = PageControl;
			sourceTree = "<group>";
		};
		403B42341DAA44DE00F70CD3 /* Moudle Interface */ = {
			isa = PBXGroup;
			children = (
				40B54B901DAFE63000EA98F7 /* XFPageControlUserInterfacePort.h */,
			);
			path = "Moudle Interface";
			sourceTree = "<group>";
		};
		403B42351DAA44DE00F70CD3 /* User Interface */ = {
			isa = PBXGroup;
			children = (
				403B42361DAA44DE00F70CD3 /* Presenter */,
				403B42371DAA44DE00F70CD3 /* View */,
				403B42381DAA44DE00F70CD3 /* WireFrame */,
			);
			path = "User Interface";
			sourceTree = "<group>";
		};
		403B42361DAA44DE00F70CD3 /* Presenter */ = {
			isa = PBXGroup;
			children = (
				40AA5E2C1DAB3DF100DC71D0 /* XFPageControlPresenter.h */,
				40AA5E2D1DAB3DF100DC71D0 /* XFPageControlPresenter.m */,
				40AA5E381DAB3F6B00DC71D0 /* XFMoviePresenter.h */,
				40AA5E391DAB3F6B00DC71D0 /* XFMoviePresenter.m */,
				40AA5E3B1DAB3F7E00DC71D0 /* XFMusicPresenter.h */,
				40AA5E3C1DAB3F7E00DC71D0 /* XFMusicPresenter.m */,
				40AA5E3E1DAB3F8F00DC71D0 /* XFBookPresenter.h */,
				40AA5E3F1DAB3F8F00DC71D0 /* XFBookPresenter.m */,
			);
			path = Presenter;
			sourceTree = "<group>";
		};
		403B42371DAA44DE00F70CD3 /* View */ = {
			isa = PBXGroup;
			children = (
				40AA5E271DAB3A6600DC71D0 /* PageControl.storyboard */,
				40AA5E291DAB3C2600DC71D0 /* XFPageControlActivity.h */,
				40AA5E2A1DAB3C2600DC71D0 /* XFPageControlActivity.m */,
				40AA5E2F1DAB3EAB00DC71D0 /* XFMovieActivity.h */,
				40AA5E301DAB3EAB00DC71D0 /* XFMovieActivity.m */,
				40AA5E321DAB3EC800DC71D0 /* XFMusicActivity.h */,
				40AA5E331DAB3EC800DC71D0 /* XFMusicActivity.m */,
				40AA5E351DAB3EDA00DC71D0 /* XFBookActivity.h */,
				40AA5E361DAB3EDA00DC71D0 /* XFBookActivity.m */,
			);
			path = View;
			sourceTree = "<group>";
		};
		403B42381DAA44DE00F70CD3 /* WireFrame */ = {
			isa = PBXGroup;
			children = (
				403B42391DAA450600F70CD3 /* XFPageControlRouting.h */,
				403B423A1DAA450600F70CD3 /* XFPageControlRouting.m */,
				40AA5E411DAB3FAA00DC71D0 /* XFMovieRouting.h */,
				40AA5E421DAB3FAA00DC71D0 /* XFMovieRouting.m */,
				40AA5E441DAB405400DC71D0 /* XFMusicRouting.h */,
				40AA5E451DAB405400DC71D0 /* XFMusicRouting.m */,
				40AA5E471DAB40E300DC71D0 /* XFBookRouting.h */,
				40AA5E481DAB40E300DC71D0 /* XFBookRouting.m */,
			);
			path = WireFrame;
			sourceTree = "<group>";
		};
		40435A2C1D6FF2D500E6A87C /* VIPER */ = {
			isa = PBXGroup;
			children = (
				40435AF21D71BBCE00E6A87C /* CoreModule */,
				40435A321D6FF2D500E6A87C /* Modules */,
			);
			path = VIPER;
			sourceTree = "<group>";
		};
		40435A321D6FF2D500E6A87C /* Modules */ = {
			isa = PBXGroup;
			children = (
				401EDDFC1DA255B100BB4741 /* Example */,
				40BBE8E81D9ECD18005B45C4 /* SearchPicture */,
			);
			path = Modules;
			sourceTree = "<group>";
		};
		40435AF21D71BBCE00E6A87C /* CoreModule */ = {
			isa = PBXGroup;
			children = (
				40435AF31D71BBCE00E6A87C /* Application Logic */,
				40435AFE1D71BBCE00E6A87C /* Module Interface */,
				40435AFF1D71BBCE00E6A87C /* User Interface */,
			);
			path = CoreModule;
			sourceTree = "<group>";
		};
		40435AF31D71BBCE00E6A87C /* Application Logic */ = {
			isa = PBXGroup;
			children = (
				40435AF41D71BBCE00E6A87C /* DataManager */,
				40435AF71D71BBCE00E6A87C /* Interactor */,
				40435AF81D71BBCE00E6A87C /* Provider */,
				40435AF91D71BBCE00E6A87C /* Services */,
			);
			path = "Application Logic";
			sourceTree = "<group>";
		};
		40435AF41D71BBCE00E6A87C /* DataManager */ = {
			isa = PBXGroup;
			children = (
			);
			path = DataManager;
			sourceTree = "<group>";
		};
		40435AF71D71BBCE00E6A87C /* Interactor */ = {
			isa = PBXGroup;
			children = (
			);
			path = Interactor;
			sourceTree = "<group>";
		};
		40435AF81D71BBCE00E6A87C /* Provider */ = {
			isa = PBXGroup;
			children = (
			);
			path = Provider;
			sourceTree = "<group>";
		};
		40435AF91D71BBCE00E6A87C /* Services */ = {
			isa = PBXGroup;
			children = (
				40435AFA1D71BBCE00E6A87C /* Local */,
				40435AFB1D71BBCE00E6A87C /* Remote */,
			);
			path = Services;
			sourceTree = "<group>";
		};
		40435AFA1D71BBCE00E6A87C /* Local */ = {
			isa = PBXGroup;
			children = (
			);
			path = Local;
			sourceTree = "<group>";
		};
		40435AFB1D71BBCE00E6A87C /* Remote */ = {
			isa = PBXGroup;
			children = (
			);
			path = Remote;
			sourceTree = "<group>";
		};
		40435AFE1D71BBCE00E6A87C /* Module Interface */ = {
			isa = PBXGroup;
			children = (
			);
			path = "Module Interface";
			sourceTree = "<group>";
		};
		40435AFF1D71BBCE00E6A87C /* User Interface */ = {
			isa = PBXGroup;
			children = (
				40435B001D71BBCE00E6A87C /* ExpressData */,
				40435B011D71BBCE00E6A87C /* Presenter */,
				40435B021D71BBCE00E6A87C /* View */,
				40435B031D71BBCE00E6A87C /* WireFrame */,
			);
			path = "User Interface";
			sourceTree = "<group>";
		};
		40435B001D71BBCE00E6A87C /* ExpressData */ = {
			isa = PBXGroup;
			children = (
			);
			path = ExpressData;
			sourceTree = "<group>";
		};
		40435B011D71BBCE00E6A87C /* Presenter */ = {
			isa = PBXGroup;
			children = (
			);
			path = Presenter;
			sourceTree = "<group>";
		};
		40435B021D71BBCE00E6A87C /* View */ = {
			isa = PBXGroup;
			children = (
			);
			path = View;
			sourceTree = "<group>";
		};
		40435B031D71BBCE00E6A87C /* WireFrame */ = {
			isa = PBXGroup;
			children = (
			);
			path = WireFrame;
			sourceTree = "<group>";
		};
		40435B401D728FD100E6A87C /* Util */ = {
			isa = PBXGroup;
			children = (
				40435B4D1D72909200E6A87C /* NSObject+XFLegoInvokeMethod.h */,
				40435B4E1D72909200E6A87C /* NSObject+XFLegoInvokeMethod.m */,
				40435B431D728FD100E6A87C /* XFLegoMarco.h */,
				40B2059B1D79209400A79925 /* XFRoutingLinkManager.h */,
				40B2059C1D79209400A79925 /* XFRoutingLinkManager.m */,
				40047B0C1DA40CC800BF31ED /* XFInterfaceFactory.h */,
				40047B0D1DA40CC800BF31ED /* XFInterfaceFactory.m */,
			);
			path = Util;
			sourceTree = "<group>";
		};
		40BBE8E81D9ECD18005B45C4 /* SearchPicture */ = {
			isa = PBXGroup;
			children = (
				40047B0F1DA54DA100BF31ED /* PictureResults */,
				40BBE91D1D9ECD18005B45C4 /* Search */,
			);
			path = SearchPicture;
			sourceTree = "<group>";
		};
		40BBE91D1D9ECD18005B45C4 /* Search */ = {
			isa = PBXGroup;
			children = (
				40BBE91E1D9ECD18005B45C4 /* Application Logic */,
				40BBE92F1D9ECD18005B45C4 /* Module Interface */,
				40BBE9331D9ECD18005B45C4 /* User Interface */,
			);
			path = Search;
			sourceTree = "<group>";
		};
		40BBE91E1D9ECD18005B45C4 /* Application Logic */ = {
			isa = PBXGroup;
			children = (
				40BBE91F1D9ECD18005B45C4 /* DataManager */,
				40BBE9221D9ECD18005B45C4 /* Interactor */,
				40BBE9251D9ECD18005B45C4 /* Provider */,
				40BBE92A1D9ECD18005B45C4 /* Services */,
			);
			path = "Application Logic";
			sourceTree = "<group>";
		};
		40BBE91F1D9ECD18005B45C4 /* DataManager */ = {
			isa = PBXGroup;
			children = (
				40BBE9201D9ECD18005B45C4 /* XFPictureDataManager.h */,
				40BBE9211D9ECD18005B45C4 /* XFPictureDataManager.m */,
			);
			path = DataManager;
			sourceTree = "<group>";
		};
		40BBE9221D9ECD18005B45C4 /* Interactor */ = {
			isa = PBXGroup;
			children = (
				40BBE9231D9ECD18005B45C4 /* XFSearchInteractor.h */,
				40BBE9241D9ECD18005B45C4 /* XFSearchInteractor.m */,
			);
			path = Interactor;
			sourceTree = "<group>";
		};
		40BBE9251D9ECD18005B45C4 /* Provider */ = {
			isa = PBXGroup;
			children = (
				40BBE9261D9ECD18005B45C4 /* XFPictureListModel.h */,
				40BBE9271D9ECD18005B45C4 /* XFPictureListModel.m */,
				40BBE9281D9ECD18005B45C4 /* XFPictureModel.h */,
				40BBE9291D9ECD18005B45C4 /* XFPictureModel.m */,
			);
			path = Provider;
			sourceTree = "<group>";
		};
		40BBE92A1D9ECD18005B45C4 /* Services */ = {
			isa = PBXGroup;
			children = (
				40BBE92B1D9ECD18005B45C4 /* Local */,
				40BBE92C1D9ECD18005B45C4 /* Remote */,
			);
			path = Services;
			sourceTree = "<group>";
		};
		40BBE92B1D9ECD18005B45C4 /* Local */ = {
			isa = PBXGroup;
			children = (
			);
			path = Local;
			sourceTree = "<group>";
		};
		40BBE92C1D9ECD18005B45C4 /* Remote */ = {
			isa = PBXGroup;
			children = (
				40BBE92D1D9ECD18005B45C4 /* XFPictureService.h */,
				40BBE92E1D9ECD18005B45C4 /* XFPictureService.m */,
			);
			path = Remote;
			sourceTree = "<group>";
		};
		40BBE92F1D9ECD18005B45C4 /* Module Interface */ = {
			isa = PBXGroup;
			children = (
				40BBE9301D9ECD18005B45C4 /* XFSearchEventHandlerPort.h */,
				40BBE9311D9ECD18005B45C4 /* XFSearchInteractorPort.h */,
				40BBE9321D9ECD18005B45C4 /* XFSearchWireFramePort.h */,
			);
			path = "Module Interface";
			sourceTree = "<group>";
		};
		40BBE9331D9ECD18005B45C4 /* User Interface */ = {
			isa = PBXGroup;
			children = (
				40BBE9341D9ECD18005B45C4 /* ExpressData */,
				40BBE9351D9ECD18005B45C4 /* Presenter */,
				40BBE9381D9ECD18005B45C4 /* View */,
				40BBE93C1D9ECD18005B45C4 /* WireFrame */,
			);
			path = "User Interface";
			sourceTree = "<group>";
		};
		40BBE9341D9ECD18005B45C4 /* ExpressData */ = {
			isa = PBXGroup;
			children = (
			);
			path = ExpressData;
			sourceTree = "<group>";
		};
		40BBE9351D9ECD18005B45C4 /* Presenter */ = {
			isa = PBXGroup;
			children = (
				40BBE9361D9ECD18005B45C4 /* XFSearchPresenter.h */,
				40BBE9371D9ECD18005B45C4 /* XFSearchPresenter.m */,
			);
			path = Presenter;
			sourceTree = "<group>";
		};
		40BBE9381D9ECD18005B45C4 /* View */ = {
			isa = PBXGroup;
			children = (
				40BBE9391D9ECD18005B45C4 /* XFSearchActivity.h */,
				40BBE93A1D9ECD18005B45C4 /* XFSearchActivity.m */,
				40BBE93B1D9ECD18005B45C4 /* XFSearchActivity.xib */,
			);
			path = View;
			sourceTree = "<group>";
		};
		40BBE93C1D9ECD18005B45C4 /* WireFrame */ = {
			isa = PBXGroup;
			children = (
				40BBE93D1D9ECD18005B45C4 /* XFSearchRouting.h */,
				40BBE93E1D9ECD18005B45C4 /* XFSearchRouting.m */,
			);
			path = WireFrame;
			sourceTree = "<group>";
		};
		6A413542C103908908D16EFC /* Pods */ = {
			isa = PBXGroup;
			children = (
				0FAFD3E7A4FB020A558221E3 /* Pods-XFLegoVIPERExample.debug.xcconfig */,
				8D4E773821678ACAAE259056 /* Pods-XFLegoVIPERExample.release.xcconfig */,
			);
			name = Pods;
			sourceTree = "<group>";
		};
/* End PBXGroup section */

/* Begin PBXNativeTarget section */
		4024C3E81CC48BB5000D8182 /* XFLegoVIPERExample */ = {
			isa = PBXNativeTarget;
			buildConfigurationList = 4024C4161CC48BB5000D8182 /* Build configuration list for PBXNativeTarget "XFLegoVIPERExample" */;
			buildPhases = (
				90C8DB6EACDFB476D53AA407 /* [CP] Check Pods Manifest.lock */,
				4024C3E51CC48BB5000D8182 /* Sources */,
				4024C3E61CC48BB5000D8182 /* Frameworks */,
				4024C3E71CC48BB5000D8182 /* Resources */,
				EB9DD5B08F8B25924D024632 /* [CP] Embed Pods Frameworks */,
				81745FC78D1099ACCBF608AD /* [CP] Copy Pods Resources */,
			);
			buildRules = (
			);
			dependencies = (
			);
			name = XFLegoVIPERExample;
			productName = XFLegoVIPERExample;
			productReference = 4024C3E91CC48BB5000D8182 /* XFLegoVIPERExample.app */;
			productType = "com.apple.product-type.application";
		};
		4024C4011CC48BB5000D8182 /* XFLegoVIPERExampleTests */ = {
			isa = PBXNativeTarget;
			buildConfigurationList = 4024C4191CC48BB5000D8182 /* Build configuration list for PBXNativeTarget "XFLegoVIPERExampleTests" */;
			buildPhases = (
				4024C3FE1CC48BB5000D8182 /* Sources */,
				4024C3FF1CC48BB5000D8182 /* Frameworks */,
				4024C4001CC48BB5000D8182 /* Resources */,
			);
			buildRules = (
			);
			dependencies = (
				4024C4041CC48BB5000D8182 /* PBXTargetDependency */,
			);
			name = XFLegoVIPERExampleTests;
			productName = XFLegoVIPERExampleTests;
			productReference = 4024C4021CC48BB5000D8182 /* XFLegoVIPERExampleTests.xctest */;
			productType = "com.apple.product-type.bundle.unit-test";
		};
		4024C40C1CC48BB5000D8182 /* XFLegoVIPERExampleUITests */ = {
			isa = PBXNativeTarget;
			buildConfigurationList = 4024C41C1CC48BB5000D8182 /* Build configuration list for PBXNativeTarget "XFLegoVIPERExampleUITests" */;
			buildPhases = (
				4024C4091CC48BB5000D8182 /* Sources */,
				4024C40A1CC48BB5000D8182 /* Frameworks */,
				4024C40B1CC48BB5000D8182 /* Resources */,
			);
			buildRules = (
			);
			dependencies = (
				4024C40F1CC48BB5000D8182 /* PBXTargetDependency */,
			);
			name = XFLegoVIPERExampleUITests;
			productName = XFLegoVIPERExampleUITests;
			productReference = 4024C40D1CC48BB5000D8182 /* XFLegoVIPERExampleUITests.xctest */;
			productType = "com.apple.product-type.bundle.ui-testing";
		};
/* End PBXNativeTarget section */

/* Begin PBXProject section */
		4024C3E11CC48BB5000D8182 /* Project object */ = {
			isa = PBXProject;
			attributes = {
				LastUpgradeCheck = 0730;
				ORGANIZATIONNAME = yizzuide;
				TargetAttributes = {
					4024C3E81CC48BB5000D8182 = {
						CreatedOnToolsVersion = 7.3;
						DevelopmentTeam = W7Y2AH8S44;
						ProvisioningStyle = Automatic;
					};
					4024C4011CC48BB5000D8182 = {
						CreatedOnToolsVersion = 7.3;
						TestTargetID = 4024C3E81CC48BB5000D8182;
					};
					4024C40C1CC48BB5000D8182 = {
						CreatedOnToolsVersion = 7.3;
						TestTargetID = 4024C3E81CC48BB5000D8182;
					};
				};
			};
			buildConfigurationList = 4024C3E41CC48BB5000D8182 /* Build configuration list for PBXProject "XFLegoVIPERExample" */;
			compatibilityVersion = "Xcode 3.2";
			developmentRegion = English;
			hasScannedForEncodings = 0;
			knownRegions = (
				en,
				Base,
			);
			mainGroup = 4024C3E01CC48BB5000D8182;
			productRefGroup = 4024C3EA1CC48BB5000D8182 /* Products */;
			projectDirPath = "";
			projectRoot = "";
			targets = (
				4024C3E81CC48BB5000D8182 /* XFLegoVIPERExample */,
				4024C4011CC48BB5000D8182 /* XFLegoVIPERExampleTests */,
				4024C40C1CC48BB5000D8182 /* XFLegoVIPERExampleUITests */,
			);
		};
/* End PBXProject section */

/* Begin PBXResourcesBuildPhase section */
		4024C3E71CC48BB5000D8182 /* Resources */ = {
			isa = PBXResourcesBuildPhase;
			buildActionMask = 2147483647;
			files = (
				40BBE9541D9ECD18005B45C4 /* XFSearchActivity.xib in Resources */,
				40047B031DA3596000BF31ED /* XFSubControl2Activity.xib in Resources */,
				40047AD71DA25A2900BF31ED /* XFSubControlActivity.xib in Resources */,
				40047AF81DA27B3500BF31ED /* XFWorksActivity.xib in Resources */,
				4024C3FC1CC48BB5000D8182 /* LaunchScreen.storyboard in Resources */,
				4024C3F91CC48BB5000D8182 /* Assets.xcassets in Resources */,
				40AA5E281DAB3A6600DC71D0 /* PageControl.storyboard in Resources */,
				40047B381DA54DA100BF31ED /* XFPictureTableViewCell.xib in Resources */,
				401EDE121DA255B100BB4741 /* XFDetails.storyboard in Resources */,
				401EDE141DA255B100BB4741 /* XFDetailsActivity.xib in Resources */,
				40047AE71DA267D500BF31ED /* XFCollectActivity.xib in Resources */,
			);
			runOnlyForDeploymentPostprocessing = 0;
		};
		4024C4001CC48BB5000D8182 /* Resources */ = {
			isa = PBXResourcesBuildPhase;
			buildActionMask = 2147483647;
			files = (
			);
			runOnlyForDeploymentPostprocessing = 0;
		};
		4024C40B1CC48BB5000D8182 /* Resources */ = {
			isa = PBXResourcesBuildPhase;
			buildActionMask = 2147483647;
			files = (
			);
			runOnlyForDeploymentPostprocessing = 0;
		};
/* End PBXResourcesBuildPhase section */

/* Begin PBXShellScriptBuildPhase section */
		81745FC78D1099ACCBF608AD /* [CP] Copy Pods Resources */ = {
			isa = PBXShellScriptBuildPhase;
			buildActionMask = 2147483647;
			files = (
			);
			inputPaths = (
			);
			name = "[CP] Copy Pods Resources";
			outputPaths = (
			);
			runOnlyForDeploymentPostprocessing = 0;
			shellPath = /bin/sh;
			shellScript = "\"${SRCROOT}/Pods/Target Support Files/Pods-XFLegoVIPERExample/Pods-XFLegoVIPERExample-resources.sh\"\n";
			showEnvVarsInLog = 0;
		};
		90C8DB6EACDFB476D53AA407 /* [CP] Check Pods Manifest.lock */ = {
			isa = PBXShellScriptBuildPhase;
			buildActionMask = 2147483647;
			files = (
			);
			inputPaths = (
			);
			name = "[CP] Check Pods Manifest.lock";
			outputPaths = (
			);
			runOnlyForDeploymentPostprocessing = 0;
			shellPath = /bin/sh;
			shellScript = "diff \"${PODS_ROOT}/../Podfile.lock\" \"${PODS_ROOT}/Manifest.lock\" > /dev/null\nif [[ $? != 0 ]] ; then\n    cat << EOM\nerror: The sandbox is not in sync with the Podfile.lock. Run 'pod install' or update your CocoaPods installation.\nEOM\n    exit 1\nfi\n";
			showEnvVarsInLog = 0;
		};
		EB9DD5B08F8B25924D024632 /* [CP] Embed Pods Frameworks */ = {
			isa = PBXShellScriptBuildPhase;
			buildActionMask = 2147483647;
			files = (
			);
			inputPaths = (
			);
			name = "[CP] Embed Pods Frameworks";
			outputPaths = (
			);
			runOnlyForDeploymentPostprocessing = 0;
			shellPath = /bin/sh;
			shellScript = "\"${SRCROOT}/Pods/Target Support Files/Pods-XFLegoVIPERExample/Pods-XFLegoVIPERExample-frameworks.sh\"\n";
			showEnvVarsInLog = 0;
		};
/* End PBXShellScriptBuildPhase section */

/* Begin PBXSourcesBuildPhase section */
		4024C3E51CC48BB5000D8182 /* Sources */ = {
			isa = PBXSourcesBuildPhase;
			buildActionMask = 2147483647;
			files = (
				40AA5E341DAB3EC800DC71D0 /* XFMusicActivity.m in Sources */,
				40047B321DA54DA100BF31ED /* XFPictureProvider.m in Sources */,
				40AA5E461DAB405400DC71D0 /* XFMusicRouting.m in Sources */,
				40047B331DA54DA100BF31ED /* XFPictureExpressData.m in Sources */,
				40047AF71DA27B3500BF31ED /* XFWorksActivity.m in Sources */,
				40AA5E491DAB40E300DC71D0 /* XFBookRouting.m in Sources */,
				40047ADD1DA25CF100BF31ED /* XFSubControlPresenter.m in Sources */,
				40AA5E401DAB3F8F00DC71D0 /* XFBookPresenter.m in Sources */,
				40BBE94E1D9ECD18005B45C4 /* XFSearchInteractor.m in Sources */,
				40047AED1DA2693A00BF31ED /* XFCollectPresenter.m in Sources */,
				40AA5E371DAB3EDA00DC71D0 /* XFBookActivity.m in Sources */,
				40047AFE1DA27BA800BF31ED /* XFWorksRouting.m in Sources */,
				40435B221D71D8C600E6A87C /* CETableViewBindingHelper.m in Sources */,
				40047B311DA54DA100BF31ED /* XFPictureResultsInteractor.m in Sources */,
				40435B4F1D72909200E6A87C /* NSObject+XFLegoInvokeMethod.m in Sources */,
				40BBE94D1D9ECD18005B45C4 /* XFPictureDataManager.m in Sources */,
				40AA5E3A1DAB3F6B00DC71D0 /* XFMoviePresenter.m in Sources */,
				401689031D755CCB00311CD2 /* XFRouting.m in Sources */,
				401689021D755CCB00311CD2 /* XFPresenter.m in Sources */,
				40047B341DA54DA100BF31ED /* XFPictureItem.m in Sources */,
				40047B361DA54DA100BF31ED /* XFPictureResultsActivity.m in Sources */,
				4024C3F11CC48BB5000D8182 /* AppDelegate.m in Sources */,
				40AA5E431DAB3FAA00DC71D0 /* XFMovieRouting.m in Sources */,
				40047AEA1DA2691200BF31ED /* XFCollectRouting.m in Sources */,
				401689011D755CCB00311CD2 /* XFInteractor.m in Sources */,
				40BBE9551D9ECD18005B45C4 /* XFSearchRouting.m in Sources */,
				40047AFB1DA27B8E00BF31ED /* XFWorksPresenter.m in Sources */,
				40047B0E1DA40CC800BF31ED /* XFInterfaceFactory.m in Sources */,
				401EDE111DA255B100BB4741 /* XFDetailsPresenter.m in Sources */,
				40047B021DA3596000BF31ED /* XFSubControl2Activity.m in Sources */,
				401688FE1D755CCB00311CD2 /* UIViewController+XFLego.m in Sources */,
				40047B391DA54DA100BF31ED /* XFPictureResultsRouting.m in Sources */,
				40047AD61DA25A2900BF31ED /* XFSubControlActivity.m in Sources */,
				40047B061DA35A4200BF31ED /* XFSubControl2Routing.m in Sources */,
				40047B371DA54DA100BF31ED /* XFPictureTableViewCell.m in Sources */,
				40BBE9511D9ECD18005B45C4 /* XFPictureService.m in Sources */,
				40047B351DA54DA100BF31ED /* XFPictureResultsPresenter.m in Sources */,
				401689001D755CCB00311CD2 /* XFDataManager.m in Sources */,
				40435B1B1D71C0B400E6A87C /* NSArray+HOM.m in Sources */,
				401EDE131DA255B100BB4741 /* XFDetailsActivity.m in Sources */,
				40BBE9521D9ECD18005B45C4 /* XFSearchPresenter.m in Sources */,
				4024C48B1CC4EB9F000D8182 /* XFUITool.m in Sources */,
				40AA5E2E1DAB3DF100DC71D0 /* XFPageControlPresenter.m in Sources */,
				40AA5E2B1DAB3C2600DC71D0 /* XFPageControlActivity.m in Sources */,
				4024C3EE1CC48BB5000D8182 /* main.m in Sources */,
				401688FD1D755CCB00311CD2 /* UIView+XFLego.m in Sources */,
				403B423B1DAA450600F70CD3 /* XFPageControlRouting.m in Sources */,
				40B2059D1D79209400A79925 /* XFRoutingLinkManager.m in Sources */,
				40AA5E3D1DAB3F7E00DC71D0 /* XFMusicPresenter.m in Sources */,
				40BBE9531D9ECD18005B45C4 /* XFSearchActivity.m in Sources */,
				40047B091DA35AA100BF31ED /* XFSubControl2Presenter.m in Sources */,
				40BBE94F1D9ECD18005B45C4 /* XFPictureListModel.m in Sources */,
				40AA5E311DAB3EAB00DC71D0 /* XFMovieActivity.m in Sources */,
				40047AE61DA267D500BF31ED /* XFCollectActivity.m in Sources */,
				40047ADA1DA25CCA00BF31ED /* XFSubControlRouting.m in Sources */,
				4024C4871CC4E607000D8182 /* XFRACHttpTool.m in Sources */,
				401688FF1D755CCB00311CD2 /* XFActivity.m in Sources */,
				40BBE9501D9ECD18005B45C4 /* XFPictureModel.m in Sources */,
				401EDE151DA255B100BB4741 /* XFDetailsRouting.m in Sources */,
			);
			runOnlyForDeploymentPostprocessing = 0;
		};
		4024C3FE1CC48BB5000D8182 /* Sources */ = {
			isa = PBXSourcesBuildPhase;
			buildActionMask = 2147483647;
			files = (
				4024C4071CC48BB5000D8182 /* XFLegoVIPERExampleTests.m in Sources */,
			);
			runOnlyForDeploymentPostprocessing = 0;
		};
		4024C4091CC48BB5000D8182 /* Sources */ = {
			isa = PBXSourcesBuildPhase;
			buildActionMask = 2147483647;
			files = (
				4024C4121CC48BB5000D8182 /* XFLegoVIPERExampleUITests.m in Sources */,
			);
			runOnlyForDeploymentPostprocessing = 0;
		};
/* End PBXSourcesBuildPhase section */

/* Begin PBXTargetDependency section */
		4024C4041CC48BB5000D8182 /* PBXTargetDependency */ = {
			isa = PBXTargetDependency;
			target = 4024C3E81CC48BB5000D8182 /* XFLegoVIPERExample */;
			targetProxy = 4024C4031CC48BB5000D8182 /* PBXContainerItemProxy */;
		};
		4024C40F1CC48BB5000D8182 /* PBXTargetDependency */ = {
			isa = PBXTargetDependency;
			target = 4024C3E81CC48BB5000D8182 /* XFLegoVIPERExample */;
			targetProxy = 4024C40E1CC48BB5000D8182 /* PBXContainerItemProxy */;
		};
/* End PBXTargetDependency section */

/* Begin PBXVariantGroup section */
		4024C3FA1CC48BB5000D8182 /* LaunchScreen.storyboard */ = {
			isa = PBXVariantGroup;
			children = (
				4024C3FB1CC48BB5000D8182 /* Base */,
			);
			name = LaunchScreen.storyboard;
			sourceTree = "<group>";
		};
/* End PBXVariantGroup section */

/* Begin XCBuildConfiguration section */
		4024C4141CC48BB5000D8182 /* Debug */ = {
			isa = XCBuildConfiguration;
			buildSettings = {
				ALWAYS_SEARCH_USER_PATHS = NO;
				CLANG_ANALYZER_NONNULL = YES;
				CLANG_CXX_LANGUAGE_STANDARD = "gnu++0x";
				CLANG_CXX_LIBRARY = "libc++";
				CLANG_ENABLE_MODULES = YES;
				CLANG_ENABLE_OBJC_ARC = YES;
				CLANG_WARN_BOOL_CONVERSION = YES;
				CLANG_WARN_CONSTANT_CONVERSION = YES;
				CLANG_WARN_DIRECT_OBJC_ISA_USAGE = YES_ERROR;
				CLANG_WARN_EMPTY_BODY = YES;
				CLANG_WARN_ENUM_CONVERSION = YES;
				CLANG_WARN_INT_CONVERSION = YES;
				CLANG_WARN_OBJC_ROOT_CLASS = YES_ERROR;
				CLANG_WARN_UNREACHABLE_CODE = YES;
				CLANG_WARN__DUPLICATE_METHOD_MATCH = YES;
				"CODE_SIGN_IDENTITY[sdk=iphoneos*]" = "iPhone Developer";
				COPY_PHASE_STRIP = NO;
				DEBUG_INFORMATION_FORMAT = dwarf;
				ENABLE_STRICT_OBJC_MSGSEND = YES;
				ENABLE_TESTABILITY = YES;
				GCC_C_LANGUAGE_STANDARD = gnu99;
				GCC_DYNAMIC_NO_PIC = NO;
				GCC_NO_COMMON_BLOCKS = YES;
				GCC_OPTIMIZATION_LEVEL = 0;
				GCC_PREPROCESSOR_DEFINITIONS = (
					"DEBUG=1",
					"$(inherited)",
				);
				GCC_WARN_64_TO_32_BIT_CONVERSION = YES;
				GCC_WARN_ABOUT_RETURN_TYPE = YES_ERROR;
				GCC_WARN_UNDECLARED_SELECTOR = YES;
				GCC_WARN_UNINITIALIZED_AUTOS = YES_AGGRESSIVE;
				GCC_WARN_UNUSED_FUNCTION = YES;
				GCC_WARN_UNUSED_VARIABLE = YES;
				IPHONEOS_DEPLOYMENT_TARGET = 7.0;
				MTL_ENABLE_DEBUG_INFO = YES;
				ONLY_ACTIVE_ARCH = YES;
				SDKROOT = iphoneos;
			};
			name = Debug;
		};
		4024C4151CC48BB5000D8182 /* Release */ = {
			isa = XCBuildConfiguration;
			buildSettings = {
				ALWAYS_SEARCH_USER_PATHS = NO;
				CLANG_ANALYZER_NONNULL = YES;
				CLANG_CXX_LANGUAGE_STANDARD = "gnu++0x";
				CLANG_CXX_LIBRARY = "libc++";
				CLANG_ENABLE_MODULES = YES;
				CLANG_ENABLE_OBJC_ARC = YES;
				CLANG_WARN_BOOL_CONVERSION = YES;
				CLANG_WARN_CONSTANT_CONVERSION = YES;
				CLANG_WARN_DIRECT_OBJC_ISA_USAGE = YES_ERROR;
				CLANG_WARN_EMPTY_BODY = YES;
				CLANG_WARN_ENUM_CONVERSION = YES;
				CLANG_WARN_INT_CONVERSION = YES;
				CLANG_WARN_OBJC_ROOT_CLASS = YES_ERROR;
				CLANG_WARN_UNREACHABLE_CODE = YES;
				CLANG_WARN__DUPLICATE_METHOD_MATCH = YES;
				"CODE_SIGN_IDENTITY[sdk=iphoneos*]" = "iPhone Developer";
				COPY_PHASE_STRIP = NO;
				DEBUG_INFORMATION_FORMAT = "dwarf-with-dsym";
				ENABLE_NS_ASSERTIONS = NO;
				ENABLE_STRICT_OBJC_MSGSEND = YES;
				GCC_C_LANGUAGE_STANDARD = gnu99;
				GCC_NO_COMMON_BLOCKS = YES;
				GCC_WARN_64_TO_32_BIT_CONVERSION = YES;
				GCC_WARN_ABOUT_RETURN_TYPE = YES_ERROR;
				GCC_WARN_UNDECLARED_SELECTOR = YES;
				GCC_WARN_UNINITIALIZED_AUTOS = YES_AGGRESSIVE;
				GCC_WARN_UNUSED_FUNCTION = YES;
				GCC_WARN_UNUSED_VARIABLE = YES;
				IPHONEOS_DEPLOYMENT_TARGET = 7.0;
				MTL_ENABLE_DEBUG_INFO = NO;
				SDKROOT = iphoneos;
				VALIDATE_PRODUCT = YES;
			};
			name = Release;
		};
		4024C4171CC48BB5000D8182 /* Debug */ = {
			isa = XCBuildConfiguration;
			baseConfigurationReference = 0FAFD3E7A4FB020A558221E3 /* Pods-XFLegoVIPERExample.debug.xcconfig */;
			buildSettings = {
				ASSETCATALOG_COMPILER_APPICON_NAME = AppIcon;
				CLANG_ENABLE_MODULES = YES;
				"CODE_SIGN_IDENTITY[sdk=iphoneos*]" = "iPhone Developer";
				DEVELOPMENT_TEAM = W7Y2AH8S44;
				INFOPLIST_FILE = XFLegoVIPERExample/Info.plist;
				IPHONEOS_DEPLOYMENT_TARGET = 7.0;
				LD_RUNPATH_SEARCH_PATHS = "$(inherited) @executable_path/Frameworks";
				PRODUCT_BUNDLE_IDENTIFIER = com.yizzuide.XFLegoVIPERExample;
				PRODUCT_NAME = "$(TARGET_NAME)";
				SWIFT_OPTIMIZATION_LEVEL = "-Onone";
			};
			name = Debug;
		};
		4024C4181CC48BB5000D8182 /* Release */ = {
			isa = XCBuildConfiguration;
			baseConfigurationReference = 8D4E773821678ACAAE259056 /* Pods-XFLegoVIPERExample.release.xcconfig */;
			buildSettings = {
				ASSETCATALOG_COMPILER_APPICON_NAME = AppIcon;
				CLANG_ENABLE_MODULES = YES;
				"CODE_SIGN_IDENTITY[sdk=iphoneos*]" = "iPhone Developer";
				DEVELOPMENT_TEAM = W7Y2AH8S44;
				INFOPLIST_FILE = XFLegoVIPERExample/Info.plist;
				IPHONEOS_DEPLOYMENT_TARGET = 7.0;
				LD_RUNPATH_SEARCH_PATHS = "$(inherited) @executable_path/Frameworks";
				PRODUCT_BUNDLE_IDENTIFIER = com.yizzuide.XFLegoVIPERExample;
				PRODUCT_NAME = "$(TARGET_NAME)";
			};
			name = Release;
		};
		4024C41A1CC48BB5000D8182 /* Debug */ = {
			isa = XCBuildConfiguration;
			buildSettings = {
				BUNDLE_LOADER = "$(TEST_HOST)";
				INFOPLIST_FILE = XFLegoVIPERExampleTests/Info.plist;
				LD_RUNPATH_SEARCH_PATHS = "$(inherited) @executable_path/Frameworks @loader_path/Frameworks";
				PRODUCT_BUNDLE_IDENTIFIER = com.yizzuide.XFLegoVIPERExampleTests;
				PRODUCT_NAME = "$(TARGET_NAME)";
				TEST_HOST = "$(BUILT_PRODUCTS_DIR)/XFLegoVIPERExample.app/XFLegoVIPERExample";
			};
			name = Debug;
		};
		4024C41B1CC48BB5000D8182 /* Release */ = {
			isa = XCBuildConfiguration;
			buildSettings = {
				BUNDLE_LOADER = "$(TEST_HOST)";
				INFOPLIST_FILE = XFLegoVIPERExampleTests/Info.plist;
				LD_RUNPATH_SEARCH_PATHS = "$(inherited) @executable_path/Frameworks @loader_path/Frameworks";
				PRODUCT_BUNDLE_IDENTIFIER = com.yizzuide.XFLegoVIPERExampleTests;
				PRODUCT_NAME = "$(TARGET_NAME)";
				TEST_HOST = "$(BUILT_PRODUCTS_DIR)/XFLegoVIPERExample.app/XFLegoVIPERExample";
			};
			name = Release;
		};
		4024C41D1CC48BB5000D8182 /* Debug */ = {
			isa = XCBuildConfiguration;
			buildSettings = {
				INFOPLIST_FILE = XFLegoVIPERExampleUITests/Info.plist;
				LD_RUNPATH_SEARCH_PATHS = "$(inherited) @executable_path/Frameworks @loader_path/Frameworks";
				PRODUCT_BUNDLE_IDENTIFIER = com.yizzuide.XFLegoVIPERExampleUITests;
				PRODUCT_NAME = "$(TARGET_NAME)";
				TEST_TARGET_NAME = XFLegoVIPERExample;
			};
			name = Debug;
		};
		4024C41E1CC48BB5000D8182 /* Release */ = {
			isa = XCBuildConfiguration;
			buildSettings = {
				INFOPLIST_FILE = XFLegoVIPERExampleUITests/Info.plist;
				LD_RUNPATH_SEARCH_PATHS = "$(inherited) @executable_path/Frameworks @loader_path/Frameworks";
				PRODUCT_BUNDLE_IDENTIFIER = com.yizzuide.XFLegoVIPERExampleUITests;
				PRODUCT_NAME = "$(TARGET_NAME)";
				TEST_TARGET_NAME = XFLegoVIPERExample;
			};
			name = Release;
		};
/* End XCBuildConfiguration section */

/* Begin XCConfigurationList section */
		4024C3E41CC48BB5000D8182 /* Build configuration list for PBXProject "XFLegoVIPERExample" */ = {
			isa = XCConfigurationList;
			buildConfigurations = (
				4024C4141CC48BB5000D8182 /* Debug */,
				4024C4151CC48BB5000D8182 /* Release */,
			);
			defaultConfigurationIsVisible = 0;
			defaultConfigurationName = Release;
		};
		4024C4161CC48BB5000D8182 /* Build configuration list for PBXNativeTarget "XFLegoVIPERExample" */ = {
			isa = XCConfigurationList;
			buildConfigurations = (
				4024C4171CC48BB5000D8182 /* Debug */,
				4024C4181CC48BB5000D8182 /* Release */,
			);
			defaultConfigurationIsVisible = 0;
			defaultConfigurationName = Release;
		};
		4024C4191CC48BB5000D8182 /* Build configuration list for PBXNativeTarget "XFLegoVIPERExampleTests" */ = {
			isa = XCConfigurationList;
			buildConfigurations = (
				4024C41A1CC48BB5000D8182 /* Debug */,
				4024C41B1CC48BB5000D8182 /* Release */,
			);
			defaultConfigurationIsVisible = 0;
			defaultConfigurationName = Release;
		};
		4024C41C1CC48BB5000D8182 /* Build configuration list for PBXNativeTarget "XFLegoVIPERExampleUITests" */ = {
			isa = XCConfigurationList;
			buildConfigurations = (
				4024C41D1CC48BB5000D8182 /* Debug */,
				4024C41E1CC48BB5000D8182 /* Release */,
			);
			defaultConfigurationIsVisible = 0;
			defaultConfigurationName = Release;
		};
/* End XCConfigurationList section */
	};
	rootObject = 4024C3E11CC48BB5000D8182 /* Project object */;
}
